// !$*UTF8*$!
{
	archiveVersion = 1;
	classes = {
	};
	objectVersion = 52;
	objects = {

/* Begin PBXBuildFile section */
		094392832532423F006A37F7 /* Phenomenon+CoreDataProperties.swift in Sources */ = {isa = PBXBuildFile; fileRef = 0943927D2532423F006A37F7 /* Phenomenon+CoreDataProperties.swift */; };
		0968CD962522667A00D409FF /* EstonianWeatherApp.swift in Sources */ = {isa = PBXBuildFile; fileRef = 0968CD952522667A00D409FF /* EstonianWeatherApp.swift */; };
		0968CD9A2522667B00D409FF /* Assets.xcassets in Resources */ = {isa = PBXBuildFile; fileRef = 0968CD992522667B00D409FF /* Assets.xcassets */; };
		0968CD9D2522667B00D409FF /* Preview Assets.xcassets in Resources */ = {isa = PBXBuildFile; fileRef = 0968CD9C2522667B00D409FF /* Preview Assets.xcassets */; };
		0968CDA82522667B00D409FF /* EstonianWeatherTests.swift in Sources */ = {isa = PBXBuildFile; fileRef = 0968CDA72522667B00D409FF /* EstonianWeatherTests.swift */; };
		0968CDB32522667B00D409FF /* EstonianWeatherUITests.swift in Sources */ = {isa = PBXBuildFile; fileRef = 0968CDB22522667B00D409FF /* EstonianWeatherUITests.swift */; };
		0968CDCD252267F600D409FF /* SettingsView.swift in Sources */ = {isa = PBXBuildFile; fileRef = 0968CDC6252267F600D409FF /* SettingsView.swift */; };
		0968CDCE252267F600D409FF /* DayPartView.swift in Sources */ = {isa = PBXBuildFile; fileRef = 0968CDC7252267F600D409FF /* DayPartView.swift */; };
		0968CDCF252267F600D409FF /* TabbarView.swift in Sources */ = {isa = PBXBuildFile; fileRef = 0968CDC8252267F600D409FF /* TabbarView.swift */; };
		0968CDD0252267F600D409FF /* ForecastView.swift in Sources */ = {isa = PBXBuildFile; fileRef = 0968CDC9252267F600D409FF /* ForecastView.swift */; };
		0968CDD1252267F600D409FF /* ForecastListView.swift in Sources */ = {isa = PBXBuildFile; fileRef = 0968CDCA252267F600D409FF /* ForecastListView.swift */; };
		0968CDD2252267F600D409FF /* PlaceView.swift in Sources */ = {isa = PBXBuildFile; fileRef = 0968CDCB252267F600D409FF /* PlaceView.swift */; };
		0968CDD3252267F600D409FF /* LanguageCell.swift in Sources */ = {isa = PBXBuildFile; fileRef = 0968CDCC252267F600D409FF /* LanguageCell.swift */; };
		0968CDE4252268E600D409FF /* ForecastListViewModel.swift in Sources */ = {isa = PBXBuildFile; fileRef = 0968CDD8252268E600D409FF /* ForecastListViewModel.swift */; };
		0968CDE6252268E600D409FF /* SettingsViewModel.swift in Sources */ = {isa = PBXBuildFile; fileRef = 0968CDDA252268E600D409FF /* SettingsViewModel.swift */; };
		0968CDE7252268E600D409FF /* WeatherType.swift in Sources */ = {isa = PBXBuildFile; fileRef = 0968CDDB252268E600D409FF /* WeatherType.swift */; };
		0968CDE8252268E600D409FF /* ForecastDateFormatter.swift in Sources */ = {isa = PBXBuildFile; fileRef = 0968CDDC252268E600D409FF /* ForecastDateFormatter.swift */; };
		0968CDE9252268E600D409FF /* EWForecast.swift in Sources */ = {isa = PBXBuildFile; fileRef = 0968CDDD252268E600D409FF /* EWForecast.swift */; };
		0968CDEA252268E600D409FF /* DataMapper.swift in Sources */ = {isa = PBXBuildFile; fileRef = 0968CDDE252268E600D409FF /* DataMapper.swift */; };
		0968CDEB252268E600D409FF /* DataProvider.swift in Sources */ = {isa = PBXBuildFile; fileRef = 0968CDDF252268E600D409FF /* DataProvider.swift */; };
		0968CDEC252268E600D409FF /* ForecastDisplayItem.swift in Sources */ = {isa = PBXBuildFile; fileRef = 0968CDE0252268E600D409FF /* ForecastDisplayItem.swift */; };
		0968CDEE252268E600D409FF /* ServerResponseParser.swift in Sources */ = {isa = PBXBuildFile; fileRef = 0968CDE2252268E600D409FF /* ServerResponseParser.swift */; };
		0968CDEF252268E600D409FF /* ApplicationController.swift in Sources */ = {isa = PBXBuildFile; fileRef = 0968CDE3252268E600D409FF /* ApplicationController.swift */; };
		0968CE01252269AF00D409FF /* Phenomenon+CoreDataClass.swift in Sources */ = {isa = PBXBuildFile; fileRef = 0968CDF4252269AF00D409FF /* Phenomenon+CoreDataClass.swift */; };
		0968CE02252269AF00D409FF /* PersistenceService.swift in Sources */ = {isa = PBXBuildFile; fileRef = 0968CDF5252269AF00D409FF /* PersistenceService.swift */; };
		0968CE03252269AF00D409FF /* DayPartForecast+CoreDataProperties.swift in Sources */ = {isa = PBXBuildFile; fileRef = 0968CDF6252269AF00D409FF /* DayPartForecast+CoreDataProperties.swift */; };
		0968CE04252269AF00D409FF /* Forecast+CoreDataClass.swift in Sources */ = {isa = PBXBuildFile; fileRef = 0968CDF7252269AF00D409FF /* Forecast+CoreDataClass.swift */; };
		0968CE05252269AF00D409FF /* Wind+CoreDataProperties.swift in Sources */ = {isa = PBXBuildFile; fileRef = 0968CDF8252269AF00D409FF /* Wind+CoreDataProperties.swift */; };
		0968CE06252269AF00D409FF /* Wind+CoreDataClass.swift in Sources */ = {isa = PBXBuildFile; fileRef = 0968CDF9252269AF00D409FF /* Wind+CoreDataClass.swift */; };
		0968CE07252269AF00D409FF /* EstonianWeather.xcdatamodeld in Sources */ = {isa = PBXBuildFile; fileRef = 0968CDFA252269AF00D409FF /* EstonianWeather.xcdatamodeld */; };
		0968CE08252269AF00D409FF /* Place+CoreDataProperties.swift in Sources */ = {isa = PBXBuildFile; fileRef = 0968CDFC252269AF00D409FF /* Place+CoreDataProperties.swift */; };
		0968CE09252269AF00D409FF /* Place+CoreDataClass.swift in Sources */ = {isa = PBXBuildFile; fileRef = 0968CDFD252269AF00D409FF /* Place+CoreDataClass.swift */; };
		0968CE0B252269AF00D409FF /* Forecast+CoreDataProperties.swift in Sources */ = {isa = PBXBuildFile; fileRef = 0968CDFF252269AF00D409FF /* Forecast+CoreDataProperties.swift */; };
		0968CE0C252269AF00D409FF /* DayPartForecast+CoreDataClass.swift in Sources */ = {isa = PBXBuildFile; fileRef = 0968CE00252269AF00D409FF /* DayPartForecast+CoreDataClass.swift */; };
		0968CE1725226A0600D409FF /* NSPersistentContainer+tests.swift in Sources */ = {isa = PBXBuildFile; fileRef = 0968CE1025226A0500D409FF /* NSPersistentContainer+tests.swift */; };
		0968CE1825226A0600D409FF /* ForecastControllerTests.swift in Sources */ = {isa = PBXBuildFile; fileRef = 0968CE1125226A0500D409FF /* ForecastControllerTests.swift */; };
		0968CE1925226A0600D409FF /* CoreDataMapperTests.swift in Sources */ = {isa = PBXBuildFile; fileRef = 0968CE1225226A0500D409FF /* CoreDataMapperTests.swift */; };
		0968CE1A25226A0600D409FF /* ServerResponseXMLParserTests.swift in Sources */ = {isa = PBXBuildFile; fileRef = 0968CE1325226A0600D409FF /* ServerResponseXMLParserTests.swift */; };
		0968CE1B25226A0600D409FF /* MockPersistentContainer.swift in Sources */ = {isa = PBXBuildFile; fileRef = 0968CE1425226A0600D409FF /* MockPersistentContainer.swift */; };
		0968CE1C25226A0600D409FF /* ForecastDateFormatterTests.swift in Sources */ = {isa = PBXBuildFile; fileRef = 0968CE1525226A0600D409FF /* ForecastDateFormatterTests.swift */; };
		0968CE1D25226A0600D409FF /* TestForecast.xml in Resources */ = {isa = PBXBuildFile; fileRef = 0968CE1625226A0600D409FF /* TestForecast.xml */; };
		0968CE2625226A2B00D409FF /* EstonianWeather.xctestplan in Resources */ = {isa = PBXBuildFile; fileRef = 0968CE2425226A2B00D409FF /* EstonianWeather.xctestplan */; };
		097215762534C73F00E43B7B /* ObservatrionListView.swift in Sources */ = {isa = PBXBuildFile; fileRef = 097215752534C73F00E43B7B /* ObservatrionListView.swift */; };
		097215832534D07400E43B7B /* ForecastDisplayItem.swift in Sources */ = {isa = PBXBuildFile; fileRef = 0968CDE0252268E600D409FF /* ForecastDisplayItem.swift */; };
		0972158A2534D0F000E43B7B /* ObservationDisplayItem.swift in Sources */ = {isa = PBXBuildFile; fileRef = 097215892534D0F000E43B7B /* ObservationDisplayItem.swift */; };
		097215992534DD7500E43B7B /* Observation+CoreDataClass.swift in Sources */ = {isa = PBXBuildFile; fileRef = 097215972534DD7500E43B7B /* Observation+CoreDataClass.swift */; };
		0972159A2534DD7500E43B7B /* Observation+CoreDataClass.swift in Sources */ = {isa = PBXBuildFile; fileRef = 097215972534DD7500E43B7B /* Observation+CoreDataClass.swift */; };
		0972159B2534DD7500E43B7B /* Observation+CoreDataProperties.swift in Sources */ = {isa = PBXBuildFile; fileRef = 097215982534DD7500E43B7B /* Observation+CoreDataProperties.swift */; };
		0972159C2534DD7500E43B7B /* Observation+CoreDataProperties.swift in Sources */ = {isa = PBXBuildFile; fileRef = 097215982534DD7500E43B7B /* Observation+CoreDataProperties.swift */; };
		09727670254583C100016EB0 /* LICENSE in Resources */ = {isa = PBXBuildFile; fileRef = 0972766F254583C100016EB0 /* LICENSE */; };
		0975937D25441B5500C21C6B /* WidgetService.swift in Sources */ = {isa = PBXBuildFile; fileRef = 0975937C25441B5500C21C6B /* WidgetService.swift */; };
		09769674252A5ADC00FA1764 /* SettingsService.swift in Sources */ = {isa = PBXBuildFile; fileRef = 09769673252A5ADC00FA1764 /* SettingsService.swift */; };
		09769689252A667E00FA1764 /* Localizable.strings in Resources */ = {isa = PBXBuildFile; fileRef = 0976968B252A667E00FA1764 /* Localizable.strings */; };
		09769696252A682800FA1764 /* Settings.bundle in Resources */ = {isa = PBXBuildFile; fileRef = 09769695252A682800FA1764 /* Settings.bundle */; };
		097698B3252A708A00FA1764 /* WidgetKit.framework in Frameworks */ = {isa = PBXBuildFile; fileRef = 097698B2252A708A00FA1764 /* WidgetKit.framework */; };
		097698B5252A708A00FA1764 /* SwiftUI.framework in Frameworks */ = {isa = PBXBuildFile; fileRef = 097698B4252A708A00FA1764 /* SwiftUI.framework */; };
		097698B8252A708A00FA1764 /* ForecastWidget.swift in Sources */ = {isa = PBXBuildFile; fileRef = 097698B7252A708A00FA1764 /* ForecastWidget.swift */; };
		097698BB252A708C00FA1764 /* Assets.xcassets in Resources */ = {isa = PBXBuildFile; fileRef = 097698BA252A708C00FA1764 /* Assets.xcassets */; };
		097698C1252A708C00FA1764 /* EstonianWeatherWidgetExtension.appex in Embed App Extensions */ = {isa = PBXBuildFile; fileRef = 097698B0252A708A00FA1764 /* EstonianWeatherWidgetExtension.appex */; settings = {ATTRIBUTES = (RemoveHeadersOnCopy, ); }; };
		09779C5E2532E87E00957B1F /* EstonianWeatherWidgetBundle.swift in Sources */ = {isa = PBXBuildFile; fileRef = 09779C542532E82300957B1F /* EstonianWeatherWidgetBundle.swift */; };
		09779C642532EC8C00957B1F /* WidgetForercastProvider.swift in Sources */ = {isa = PBXBuildFile; fileRef = 09779C632532EC8C00957B1F /* WidgetForercastProvider.swift */; };
		09779C712532F18A00957B1F /* PersistenceService.swift in Sources */ = {isa = PBXBuildFile; fileRef = 0968CDF5252269AF00D409FF /* PersistenceService.swift */; };
		09779C762532F22600957B1F /* DayPartForecast+CoreDataProperties.swift in Sources */ = {isa = PBXBuildFile; fileRef = 0968CDF6252269AF00D409FF /* DayPartForecast+CoreDataProperties.swift */; };
		09779C772532F22600957B1F /* Place+CoreDataProperties.swift in Sources */ = {isa = PBXBuildFile; fileRef = 0968CDFC252269AF00D409FF /* Place+CoreDataProperties.swift */; };
		09779C782532F22600957B1F /* Phenomenon+CoreDataProperties.swift in Sources */ = {isa = PBXBuildFile; fileRef = 0943927D2532423F006A37F7 /* Phenomenon+CoreDataProperties.swift */; };
		09779C792532F22600957B1F /* Wind+CoreDataClass.swift in Sources */ = {isa = PBXBuildFile; fileRef = 0968CDF9252269AF00D409FF /* Wind+CoreDataClass.swift */; };
		09779C7A2532F22600957B1F /* DayPartForecast+CoreDataClass.swift in Sources */ = {isa = PBXBuildFile; fileRef = 0968CE00252269AF00D409FF /* DayPartForecast+CoreDataClass.swift */; };
		09779C7D2532F22600957B1F /* Wind+CoreDataProperties.swift in Sources */ = {isa = PBXBuildFile; fileRef = 0968CDF8252269AF00D409FF /* Wind+CoreDataProperties.swift */; };
		09779C7E2532F22600957B1F /* DataMapper.swift in Sources */ = {isa = PBXBuildFile; fileRef = 0968CDDE252268E600D409FF /* DataMapper.swift */; };
		09779C802532F22600957B1F /* Forecast+CoreDataClass.swift in Sources */ = {isa = PBXBuildFile; fileRef = 0968CDF7252269AF00D409FF /* Forecast+CoreDataClass.swift */; };
		09779C812532F22600957B1F /* Forecast+CoreDataProperties.swift in Sources */ = {isa = PBXBuildFile; fileRef = 0968CDFF252269AF00D409FF /* Forecast+CoreDataProperties.swift */; };
		09779C822532F22600957B1F /* Place+CoreDataClass.swift in Sources */ = {isa = PBXBuildFile; fileRef = 0968CDFD252269AF00D409FF /* Place+CoreDataClass.swift */; };
		09779C832532F22600957B1F /* Phenomenon+CoreDataClass.swift in Sources */ = {isa = PBXBuildFile; fileRef = 0968CDF4252269AF00D409FF /* Phenomenon+CoreDataClass.swift */; };
		09779C892532F2AF00957B1F /* DataProvider.swift in Sources */ = {isa = PBXBuildFile; fileRef = 0968CDDF252268E600D409FF /* DataProvider.swift */; };
		09779C8E2532F2BC00957B1F /* ForecastDateFormatter.swift in Sources */ = {isa = PBXBuildFile; fileRef = 0968CDDC252268E600D409FF /* ForecastDateFormatter.swift */; };
		09779C9D2532F2E300957B1F /* EWForecast.swift in Sources */ = {isa = PBXBuildFile; fileRef = 0968CDDD252268E600D409FF /* EWForecast.swift */; };
		09779CA22532F2EC00957B1F /* EWObservation.swift in Sources */ = {isa = PBXBuildFile; fileRef = 09E8E0D22531E1FD00E2F180 /* EWObservation.swift */; };
		09779CA72532F2F400957B1F /* EWWind.swift in Sources */ = {isa = PBXBuildFile; fileRef = 09E8E0E22531E31700E2F180 /* EWWind.swift */; };
		09779CAC2532F2F900957B1F /* EWPhenomenon.swift in Sources */ = {isa = PBXBuildFile; fileRef = 09E8E0D82531E29900E2F180 /* EWPhenomenon.swift */; };
		09779CB12532F30000957B1F /* WeatherType.swift in Sources */ = {isa = PBXBuildFile; fileRef = 0968CDDB252268E600D409FF /* WeatherType.swift */; };
		09779CC42532F9C900957B1F /* EstonianWeather.xcdatamodeld in Sources */ = {isa = PBXBuildFile; fileRef = 0968CDFA252269AF00D409FF /* EstonianWeather.xcdatamodeld */; };
		09779CCA25332E3600957B1F /* ForecastWidgetEntryVIew.swift in Sources */ = {isa = PBXBuildFile; fileRef = 09779CC925332E3600957B1F /* ForecastWidgetEntryVIew.swift */; };
		09988128256A876F00468C58 /* URL+Extensions.swift in Sources */ = {isa = PBXBuildFile; fileRef = 09A294CE2569976400545CFB /* URL+Extensions.swift */; };
		09988136256AD72C00468C58 /* AboutMeView.swift in Sources */ = {isa = PBXBuildFile; fileRef = 09988135256AD72C00468C58 /* AboutMeView.swift */; };
		099EDB0325646D4B00C3EBE4 /* NavigationBarColor.swift in Sources */ = {isa = PBXBuildFile; fileRef = 099EDB0225646D4B00C3EBE4 /* NavigationBarColor.swift */; };
		09A294C92569811000545CFB /* DisclaimerCell.swift in Sources */ = {isa = PBXBuildFile; fileRef = 09A294C82569811000545CFB /* DisclaimerCell.swift */; };
		09A294CF2569976400545CFB /* URL+Extensions.swift in Sources */ = {isa = PBXBuildFile; fileRef = 09A294CE2569976400545CFB /* URL+Extensions.swift */; };
		09BD4839253CA9E000F7819E /* ObservationDisplayItem.swift in Sources */ = {isa = PBXBuildFile; fileRef = 097215892534D0F000E43B7B /* ObservationDisplayItem.swift */; };
		09C611E3253A407A002A4A60 /* ObservationListViewModel.swift in Sources */ = {isa = PBXBuildFile; fileRef = 09C611E2253A407A002A4A60 /* ObservationListViewModel.swift */; };
		09C611E9253A4468002A4A60 /* ObservationListController.swift in Sources */ = {isa = PBXBuildFile; fileRef = 09C611E8253A4468002A4A60 /* ObservationListController.swift */; };
		09D5E4EB2544259A00FBAC98 /* FeatureFlagService.swift in Sources */ = {isa = PBXBuildFile; fileRef = 09D5E4EA2544259A00FBAC98 /* FeatureFlagService.swift */; };
		09D5E4F4254427E900FBAC98 /* FeatureFlagService.swift in Sources */ = {isa = PBXBuildFile; fileRef = 09D5E4EA2544259A00FBAC98 /* FeatureFlagService.swift */; };
		09D6C9E825239EA5008C9ABB /* Endpoint.swift in Sources */ = {isa = PBXBuildFile; fileRef = 09D6C9E725239EA5008C9ABB /* Endpoint.swift */; };
		09D6C9EE25239F38008C9ABB /* NetworkClient.swift in Sources */ = {isa = PBXBuildFile; fileRef = 09D6C9ED25239F38008C9ABB /* NetworkClient.swift */; };
		09DCE56B252D075500FD330B /* EndpointTests.swift in Sources */ = {isa = PBXBuildFile; fileRef = 09DCE56A252D075500FD330B /* EndpointTests.swift */; };
		09E8E0AF2531928F00E2F180 /* TestableLocale.swift in Sources */ = {isa = PBXBuildFile; fileRef = 09E8E0AE2531928F00E2F180 /* TestableLocale.swift */; };
		09E8E0B52531A3A900E2F180 /* TestObservations.xml in Resources */ = {isa = PBXBuildFile; fileRef = 09E8E0B42531A3A900E2F180 /* TestObservations.xml */; };
		09E8E0D32531E1FD00E2F180 /* EWObservation.swift in Sources */ = {isa = PBXBuildFile; fileRef = 09E8E0D22531E1FD00E2F180 /* EWObservation.swift */; };
		09E8E0D92531E29900E2F180 /* EWPhenomenon.swift in Sources */ = {isa = PBXBuildFile; fileRef = 09E8E0D82531E29900E2F180 /* EWPhenomenon.swift */; };
		09E8E0E32531E31700E2F180 /* EWWind.swift in Sources */ = {isa = PBXBuildFile; fileRef = 09E8E0E22531E31700E2F180 /* EWWind.swift */; };
		09F969F62532597600DA94D6 /* TestableLocale.swift in Sources */ = {isa = PBXBuildFile; fileRef = 09E8E0AE2531928F00E2F180 /* TestableLocale.swift */; };
		B13DCFD92598FDB200BC02E9 /* UIColor+Extensions.swift in Sources */ = {isa = PBXBuildFile; fileRef = B1AFFAF92598FC3100ACA10E /* UIColor+Extensions.swift */; };
		B13DCFF825990B0700BC02E9 /* Locale+Extensions.swift in Sources */ = {isa = PBXBuildFile; fileRef = B13DCFF725990B0700BC02E9 /* Locale+Extensions.swift */; };
		B158270B252B57150064A42C /* EstonianWeatherWidget.intentdefinition in Sources */ = {isa = PBXBuildFile; fileRef = B158270E252B57150064A42C /* EstonianWeatherWidget.intentdefinition */; };
		B158270C252B57150064A42C /* EstonianWeatherWidget.intentdefinition in Sources */ = {isa = PBXBuildFile; fileRef = B158270E252B57150064A42C /* EstonianWeatherWidget.intentdefinition */; };
		B18439DD25EA9645009E5D6C /* Logger in Frameworks */ = {isa = PBXBuildFile; productRef = B18439DC25EA9645009E5D6C /* Logger */; };
		B189D17F25E40BCD007DF2AB /* StoreKit.framework in Frameworks */ = {isa = PBXBuildFile; fileRef = B189D17E25E40BCD007DF2AB /* StoreKit.framework */; };
		B190251125972FB400ACD2E1 /* Rswift in Frameworks */ = {isa = PBXBuildFile; productRef = B190251025972FB400ACD2E1 /* Rswift */; };
		B190252E259731E500ACD2E1 /* R.generated.swift in Sources */ = {isa = PBXBuildFile; fileRef = B190252D259731E500ACD2E1 /* R.generated.swift */; };
		B190255625973FAE00ACD2E1 /* Rswift in Frameworks */ = {isa = PBXBuildFile; productRef = B190255525973FAE00ACD2E1 /* Rswift */; };
		B190EB142586A5820025415A /* Date+Extensions.swift in Sources */ = {isa = PBXBuildFile; fileRef = B190EB132586A5820025415A /* Date+Extensions.swift */; };
		B19E6BA3260FA6FC0079D974 /* WeatherKit in Frameworks */ = {isa = PBXBuildFile; productRef = B19E6BA2260FA6FC0079D974 /* WeatherKit */; };
		B1AFFAFA2598FC3100ACA10E /* UIColor+Extensions.swift in Sources */ = {isa = PBXBuildFile; fileRef = B1AFFAF92598FC3100ACA10E /* UIColor+Extensions.swift */; };
		B1B4741225EA93DC0049D953 /* Logger in Frameworks */ = {isa = PBXBuildFile; productRef = B1B4741125EA93DC0049D953 /* Logger */; };
		B1CA14122593921C009ABBCA /* Model.swift in Sources */ = {isa = PBXBuildFile; fileRef = B1CA14112593921C009ABBCA /* Model.swift */; };
		B1CA14172593AE47009ABBCA /* Model.swift in Sources */ = {isa = PBXBuildFile; fileRef = B1CA14112593921C009ABBCA /* Model.swift */; };
		B1CA141C2593AE6C009ABBCA /* WidgetService.swift in Sources */ = {isa = PBXBuildFile; fileRef = 0975937C25441B5500C21C6B /* WidgetService.swift */; };
		B1CA14222593AEFB009ABBCA /* SyncStatus.swift in Sources */ = {isa = PBXBuildFile; fileRef = B1CA14212593AEFB009ABBCA /* SyncStatus.swift */; };
		B1CA14272593AEFF009ABBCA /* SyncStatus.swift in Sources */ = {isa = PBXBuildFile; fileRef = B1CA14212593AEFB009ABBCA /* SyncStatus.swift */; };
		B1D2279F25EA90660086B689 /* PurchaseKit in Frameworks */ = {isa = PBXBuildFile; productRef = B1D2279E25EA90660086B689 /* PurchaseKit */; };
		B1D283C1259D1C68005AA4C9 /* AppStoreRatingService.swift in Sources */ = {isa = PBXBuildFile; fileRef = B1D283C0259D1C68005AA4C9 /* AppStoreRatingService.swift */; };
		B1D3AC37258D52DC00456FCB /* Endpoint.swift in Sources */ = {isa = PBXBuildFile; fileRef = 09D6C9E725239EA5008C9ABB /* Endpoint.swift */; };
		B1D3AC3C258D530600456FCB /* NetworkClient.swift in Sources */ = {isa = PBXBuildFile; fileRef = 09D6C9ED25239F38008C9ABB /* NetworkClient.swift */; };
		B1D3AC41258D532200456FCB /* ServerResponseParser.swift in Sources */ = {isa = PBXBuildFile; fileRef = 0968CDE2252268E600D409FF /* ServerResponseParser.swift */; };
		B1F58A9A2594A732004117F9 /* Localizable.strings in Resources */ = {isa = PBXBuildFile; fileRef = 0976968B252A667E00FA1764 /* Localizable.strings */; };
/* End PBXBuildFile section */

/* Begin PBXContainerItemProxy section */
		0968CDA42522667B00D409FF /* PBXContainerItemProxy */ = {
			isa = PBXContainerItemProxy;
			containerPortal = 0968CD8A2522667A00D409FF /* Project object */;
			proxyType = 1;
			remoteGlobalIDString = 0968CD912522667A00D409FF;
			remoteInfo = EstonianWeather;
		};
		0968CDAF2522667B00D409FF /* PBXContainerItemProxy */ = {
			isa = PBXContainerItemProxy;
			containerPortal = 0968CD8A2522667A00D409FF /* Project object */;
			proxyType = 1;
			remoteGlobalIDString = 0968CD912522667A00D409FF;
			remoteInfo = EstonianWeather;
		};
		097698BF252A708C00FA1764 /* PBXContainerItemProxy */ = {
			isa = PBXContainerItemProxy;
			containerPortal = 0968CD8A2522667A00D409FF /* Project object */;
			proxyType = 1;
			remoteGlobalIDString = 097698AF252A708A00FA1764;
			remoteInfo = EstonianWeatherWidgetExtension;
		};
/* End PBXContainerItemProxy section */

/* Begin PBXCopyFilesBuildPhase section */
		097698C2252A708C00FA1764 /* Embed App Extensions */ = {
			isa = PBXCopyFilesBuildPhase;
			buildActionMask = 2147483647;
			dstPath = "";
			dstSubfolderSpec = 13;
			files = (
				097698C1252A708C00FA1764 /* EstonianWeatherWidgetExtension.appex in Embed App Extensions */,
			);
			name = "Embed App Extensions";
			runOnlyForDeploymentPostprocessing = 0;
		};
/* End PBXCopyFilesBuildPhase section */

/* Begin PBXFileReference section */
		09406F9725336E5000FB1E1C /* EstonianWeatherWidgetExtension.entitlements */ = {isa = PBXFileReference; lastKnownFileType = text.plist.entitlements; path = EstonianWeatherWidgetExtension.entitlements; sourceTree = "<group>"; };
		0943927D2532423F006A37F7 /* Phenomenon+CoreDataProperties.swift */ = {isa = PBXFileReference; lastKnownFileType = sourcecode.swift; path = "Phenomenon+CoreDataProperties.swift"; sourceTree = "<group>"; };
		0968CD922522667A00D409FF /* EstonianWeather.app */ = {isa = PBXFileReference; explicitFileType = wrapper.application; includeInIndex = 0; path = EstonianWeather.app; sourceTree = BUILT_PRODUCTS_DIR; };
		0968CD952522667A00D409FF /* EstonianWeatherApp.swift */ = {isa = PBXFileReference; lastKnownFileType = sourcecode.swift; path = EstonianWeatherApp.swift; sourceTree = "<group>"; };
		0968CD992522667B00D409FF /* Assets.xcassets */ = {isa = PBXFileReference; lastKnownFileType = folder.assetcatalog; path = Assets.xcassets; sourceTree = "<group>"; };
		0968CD9C2522667B00D409FF /* Preview Assets.xcassets */ = {isa = PBXFileReference; lastKnownFileType = folder.assetcatalog; path = "Preview Assets.xcassets"; sourceTree = "<group>"; };
		0968CD9E2522667B00D409FF /* Info.plist */ = {isa = PBXFileReference; lastKnownFileType = text.plist.xml; path = Info.plist; sourceTree = "<group>"; };
		0968CDA32522667B00D409FF /* EstonianWeatherTests.xctest */ = {isa = PBXFileReference; explicitFileType = wrapper.cfbundle; includeInIndex = 0; path = EstonianWeatherTests.xctest; sourceTree = BUILT_PRODUCTS_DIR; };
		0968CDA72522667B00D409FF /* EstonianWeatherTests.swift */ = {isa = PBXFileReference; lastKnownFileType = sourcecode.swift; path = EstonianWeatherTests.swift; sourceTree = "<group>"; };
		0968CDA92522667B00D409FF /* Info.plist */ = {isa = PBXFileReference; lastKnownFileType = text.plist.xml; path = Info.plist; sourceTree = "<group>"; };
		0968CDAE2522667B00D409FF /* EstonianWeatherUITests.xctest */ = {isa = PBXFileReference; explicitFileType = wrapper.cfbundle; includeInIndex = 0; path = EstonianWeatherUITests.xctest; sourceTree = BUILT_PRODUCTS_DIR; };
		0968CDB22522667B00D409FF /* EstonianWeatherUITests.swift */ = {isa = PBXFileReference; lastKnownFileType = sourcecode.swift; path = EstonianWeatherUITests.swift; sourceTree = "<group>"; };
		0968CDB42522667B00D409FF /* Info.plist */ = {isa = PBXFileReference; lastKnownFileType = text.plist.xml; path = Info.plist; sourceTree = "<group>"; };
		0968CDC6252267F600D409FF /* SettingsView.swift */ = {isa = PBXFileReference; fileEncoding = 4; lastKnownFileType = sourcecode.swift; path = SettingsView.swift; sourceTree = "<group>"; };
		0968CDC7252267F600D409FF /* DayPartView.swift */ = {isa = PBXFileReference; fileEncoding = 4; lastKnownFileType = sourcecode.swift; path = DayPartView.swift; sourceTree = "<group>"; };
		0968CDC8252267F600D409FF /* TabbarView.swift */ = {isa = PBXFileReference; fileEncoding = 4; lastKnownFileType = sourcecode.swift; path = TabbarView.swift; sourceTree = "<group>"; };
		0968CDC9252267F600D409FF /* ForecastView.swift */ = {isa = PBXFileReference; fileEncoding = 4; lastKnownFileType = sourcecode.swift; path = ForecastView.swift; sourceTree = "<group>"; };
		0968CDCA252267F600D409FF /* ForecastListView.swift */ = {isa = PBXFileReference; fileEncoding = 4; lastKnownFileType = sourcecode.swift; path = ForecastListView.swift; sourceTree = "<group>"; };
		0968CDCB252267F600D409FF /* PlaceView.swift */ = {isa = PBXFileReference; fileEncoding = 4; lastKnownFileType = sourcecode.swift; path = PlaceView.swift; sourceTree = "<group>"; };
		0968CDCC252267F600D409FF /* LanguageCell.swift */ = {isa = PBXFileReference; fileEncoding = 4; lastKnownFileType = sourcecode.swift; path = LanguageCell.swift; sourceTree = "<group>"; };
		0968CDD8252268E600D409FF /* ForecastListViewModel.swift */ = {isa = PBXFileReference; fileEncoding = 4; lastKnownFileType = sourcecode.swift; path = ForecastListViewModel.swift; sourceTree = "<group>"; };
		0968CDDA252268E600D409FF /* SettingsViewModel.swift */ = {isa = PBXFileReference; fileEncoding = 4; lastKnownFileType = sourcecode.swift; path = SettingsViewModel.swift; sourceTree = "<group>"; };
		0968CDDB252268E600D409FF /* WeatherType.swift */ = {isa = PBXFileReference; fileEncoding = 4; lastKnownFileType = sourcecode.swift; path = WeatherType.swift; sourceTree = "<group>"; };
		0968CDDC252268E600D409FF /* ForecastDateFormatter.swift */ = {isa = PBXFileReference; fileEncoding = 4; lastKnownFileType = sourcecode.swift; path = ForecastDateFormatter.swift; sourceTree = "<group>"; };
		0968CDDD252268E600D409FF /* EWForecast.swift */ = {isa = PBXFileReference; fileEncoding = 4; lastKnownFileType = sourcecode.swift; path = EWForecast.swift; sourceTree = "<group>"; };
		0968CDDE252268E600D409FF /* DataMapper.swift */ = {isa = PBXFileReference; fileEncoding = 4; lastKnownFileType = sourcecode.swift; path = DataMapper.swift; sourceTree = "<group>"; };
		0968CDDF252268E600D409FF /* DataProvider.swift */ = {isa = PBXFileReference; fileEncoding = 4; lastKnownFileType = sourcecode.swift; path = DataProvider.swift; sourceTree = "<group>"; };
		0968CDE0252268E600D409FF /* ForecastDisplayItem.swift */ = {isa = PBXFileReference; fileEncoding = 4; lastKnownFileType = sourcecode.swift; path = ForecastDisplayItem.swift; sourceTree = "<group>"; };
		0968CDE2252268E600D409FF /* ServerResponseParser.swift */ = {isa = PBXFileReference; fileEncoding = 4; lastKnownFileType = sourcecode.swift; path = ServerResponseParser.swift; sourceTree = "<group>"; };
		0968CDE3252268E600D409FF /* ApplicationController.swift */ = {isa = PBXFileReference; fileEncoding = 4; lastKnownFileType = sourcecode.swift; path = ApplicationController.swift; sourceTree = "<group>"; };
		0968CDF4252269AF00D409FF /* Phenomenon+CoreDataClass.swift */ = {isa = PBXFileReference; fileEncoding = 4; lastKnownFileType = sourcecode.swift; path = "Phenomenon+CoreDataClass.swift"; sourceTree = "<group>"; };
		0968CDF5252269AF00D409FF /* PersistenceService.swift */ = {isa = PBXFileReference; fileEncoding = 4; lastKnownFileType = sourcecode.swift; path = PersistenceService.swift; sourceTree = "<group>"; };
		0968CDF6252269AF00D409FF /* DayPartForecast+CoreDataProperties.swift */ = {isa = PBXFileReference; fileEncoding = 4; lastKnownFileType = sourcecode.swift; path = "DayPartForecast+CoreDataProperties.swift"; sourceTree = "<group>"; };
		0968CDF7252269AF00D409FF /* Forecast+CoreDataClass.swift */ = {isa = PBXFileReference; fileEncoding = 4; lastKnownFileType = sourcecode.swift; path = "Forecast+CoreDataClass.swift"; sourceTree = "<group>"; };
		0968CDF8252269AF00D409FF /* Wind+CoreDataProperties.swift */ = {isa = PBXFileReference; fileEncoding = 4; lastKnownFileType = sourcecode.swift; path = "Wind+CoreDataProperties.swift"; sourceTree = "<group>"; };
		0968CDF9252269AF00D409FF /* Wind+CoreDataClass.swift */ = {isa = PBXFileReference; fileEncoding = 4; lastKnownFileType = sourcecode.swift; path = "Wind+CoreDataClass.swift"; sourceTree = "<group>"; };
		0968CDFB252269AF00D409FF /* EstonianWeather.xcdatamodel */ = {isa = PBXFileReference; lastKnownFileType = wrapper.xcdatamodel; path = EstonianWeather.xcdatamodel; sourceTree = "<group>"; };
		0968CDFC252269AF00D409FF /* Place+CoreDataProperties.swift */ = {isa = PBXFileReference; fileEncoding = 4; lastKnownFileType = sourcecode.swift; path = "Place+CoreDataProperties.swift"; sourceTree = "<group>"; };
		0968CDFD252269AF00D409FF /* Place+CoreDataClass.swift */ = {isa = PBXFileReference; fileEncoding = 4; lastKnownFileType = sourcecode.swift; path = "Place+CoreDataClass.swift"; sourceTree = "<group>"; };
		0968CDFF252269AF00D409FF /* Forecast+CoreDataProperties.swift */ = {isa = PBXFileReference; fileEncoding = 4; lastKnownFileType = sourcecode.swift; path = "Forecast+CoreDataProperties.swift"; sourceTree = "<group>"; };
		0968CE00252269AF00D409FF /* DayPartForecast+CoreDataClass.swift */ = {isa = PBXFileReference; fileEncoding = 4; lastKnownFileType = sourcecode.swift; path = "DayPartForecast+CoreDataClass.swift"; sourceTree = "<group>"; };
		0968CE1025226A0500D409FF /* NSPersistentContainer+tests.swift */ = {isa = PBXFileReference; fileEncoding = 4; lastKnownFileType = sourcecode.swift; path = "NSPersistentContainer+tests.swift"; sourceTree = "<group>"; };
		0968CE1125226A0500D409FF /* ForecastControllerTests.swift */ = {isa = PBXFileReference; fileEncoding = 4; lastKnownFileType = sourcecode.swift; path = ForecastControllerTests.swift; sourceTree = "<group>"; };
		0968CE1225226A0500D409FF /* CoreDataMapperTests.swift */ = {isa = PBXFileReference; fileEncoding = 4; lastKnownFileType = sourcecode.swift; path = CoreDataMapperTests.swift; sourceTree = "<group>"; };
		0968CE1325226A0600D409FF /* ServerResponseXMLParserTests.swift */ = {isa = PBXFileReference; fileEncoding = 4; lastKnownFileType = sourcecode.swift; path = ServerResponseXMLParserTests.swift; sourceTree = "<group>"; };
		0968CE1425226A0600D409FF /* MockPersistentContainer.swift */ = {isa = PBXFileReference; fileEncoding = 4; lastKnownFileType = sourcecode.swift; path = MockPersistentContainer.swift; sourceTree = "<group>"; };
		0968CE1525226A0600D409FF /* ForecastDateFormatterTests.swift */ = {isa = PBXFileReference; fileEncoding = 4; lastKnownFileType = sourcecode.swift; path = ForecastDateFormatterTests.swift; sourceTree = "<group>"; };
		0968CE1625226A0600D409FF /* TestForecast.xml */ = {isa = PBXFileReference; fileEncoding = 4; lastKnownFileType = text.xml; path = TestForecast.xml; sourceTree = "<group>"; };
		0968CE2425226A2B00D409FF /* EstonianWeather.xctestplan */ = {isa = PBXFileReference; fileEncoding = 4; lastKnownFileType = text; path = EstonianWeather.xctestplan; sourceTree = "<group>"; };
		097215752534C73F00E43B7B /* ObservatrionListView.swift */ = {isa = PBXFileReference; lastKnownFileType = sourcecode.swift; path = ObservatrionListView.swift; sourceTree = "<group>"; };
		097215892534D0F000E43B7B /* ObservationDisplayItem.swift */ = {isa = PBXFileReference; lastKnownFileType = sourcecode.swift; path = ObservationDisplayItem.swift; sourceTree = "<group>"; };
		097215972534DD7500E43B7B /* Observation+CoreDataClass.swift */ = {isa = PBXFileReference; lastKnownFileType = sourcecode.swift; path = "Observation+CoreDataClass.swift"; sourceTree = "<group>"; };
		097215982534DD7500E43B7B /* Observation+CoreDataProperties.swift */ = {isa = PBXFileReference; lastKnownFileType = sourcecode.swift; path = "Observation+CoreDataProperties.swift"; sourceTree = "<group>"; };
		0972766F254583C100016EB0 /* LICENSE */ = {isa = PBXFileReference; fileEncoding = 4; lastKnownFileType = text; path = LICENSE; sourceTree = "<group>"; };
		0975937C25441B5500C21C6B /* WidgetService.swift */ = {isa = PBXFileReference; lastKnownFileType = sourcecode.swift; path = WidgetService.swift; sourceTree = "<group>"; };
		09769673252A5ADC00FA1764 /* SettingsService.swift */ = {isa = PBXFileReference; lastKnownFileType = sourcecode.swift; path = SettingsService.swift; sourceTree = "<group>"; };
		09769680252A61F500FA1764 /* EstonianWeather.entitlements */ = {isa = PBXFileReference; lastKnownFileType = text.plist.entitlements; path = EstonianWeather.entitlements; sourceTree = "<group>"; };
		0976968A252A667E00FA1764 /* en */ = {isa = PBXFileReference; lastKnownFileType = text.plist.strings; name = en; path = en.lproj/Localizable.strings; sourceTree = "<group>"; };
		0976968F252A668300FA1764 /* et */ = {isa = PBXFileReference; lastKnownFileType = text.plist.strings; name = et; path = et.lproj/Localizable.strings; sourceTree = "<group>"; };
		09769690252A668700FA1764 /* ru */ = {isa = PBXFileReference; lastKnownFileType = text.plist.strings; name = ru; path = ru.lproj/Localizable.strings; sourceTree = "<group>"; };
		09769695252A682800FA1764 /* Settings.bundle */ = {isa = PBXFileReference; lastKnownFileType = "wrapper.plug-in"; path = Settings.bundle; sourceTree = "<group>"; };
		097698B0252A708A00FA1764 /* EstonianWeatherWidgetExtension.appex */ = {isa = PBXFileReference; explicitFileType = "wrapper.app-extension"; includeInIndex = 0; path = EstonianWeatherWidgetExtension.appex; sourceTree = BUILT_PRODUCTS_DIR; };
		097698B2252A708A00FA1764 /* WidgetKit.framework */ = {isa = PBXFileReference; lastKnownFileType = wrapper.framework; name = WidgetKit.framework; path = System/Library/Frameworks/WidgetKit.framework; sourceTree = SDKROOT; };
		097698B4252A708A00FA1764 /* SwiftUI.framework */ = {isa = PBXFileReference; lastKnownFileType = wrapper.framework; name = SwiftUI.framework; path = System/Library/Frameworks/SwiftUI.framework; sourceTree = SDKROOT; };
		097698B7252A708A00FA1764 /* ForecastWidget.swift */ = {isa = PBXFileReference; lastKnownFileType = sourcecode.swift; path = ForecastWidget.swift; sourceTree = "<group>"; };
		097698BA252A708C00FA1764 /* Assets.xcassets */ = {isa = PBXFileReference; lastKnownFileType = folder.assetcatalog; path = Assets.xcassets; sourceTree = "<group>"; };
		097698BC252A708C00FA1764 /* Info.plist */ = {isa = PBXFileReference; lastKnownFileType = text.plist.xml; path = Info.plist; sourceTree = "<group>"; };
		09779C542532E82300957B1F /* EstonianWeatherWidgetBundle.swift */ = {isa = PBXFileReference; lastKnownFileType = sourcecode.swift; path = EstonianWeatherWidgetBundle.swift; sourceTree = "<group>"; };
		09779C632532EC8C00957B1F /* WidgetForercastProvider.swift */ = {isa = PBXFileReference; lastKnownFileType = sourcecode.swift; path = WidgetForercastProvider.swift; sourceTree = "<group>"; };
		09779CC925332E3600957B1F /* ForecastWidgetEntryVIew.swift */ = {isa = PBXFileReference; lastKnownFileType = sourcecode.swift; path = ForecastWidgetEntryVIew.swift; sourceTree = "<group>"; };
		09974221252B93290011193F /* et */ = {isa = PBXFileReference; lastKnownFileType = text.plist.strings; name = et; path = et.lproj/EstonianWeatherWidget.strings; sourceTree = "<group>"; };
		09974227252B932A0011193F /* ru */ = {isa = PBXFileReference; lastKnownFileType = text.plist.strings; name = ru; path = ru.lproj/EstonianWeatherWidget.strings; sourceTree = "<group>"; };
		09988135256AD72C00468C58 /* AboutMeView.swift */ = {isa = PBXFileReference; lastKnownFileType = sourcecode.swift; path = AboutMeView.swift; sourceTree = "<group>"; };
		099EDB0225646D4B00C3EBE4 /* NavigationBarColor.swift */ = {isa = PBXFileReference; lastKnownFileType = sourcecode.swift; path = NavigationBarColor.swift; sourceTree = "<group>"; };
		09A294C82569811000545CFB /* DisclaimerCell.swift */ = {isa = PBXFileReference; lastKnownFileType = sourcecode.swift; path = DisclaimerCell.swift; sourceTree = "<group>"; };
		09A294CE2569976400545CFB /* URL+Extensions.swift */ = {isa = PBXFileReference; lastKnownFileType = sourcecode.swift; path = "URL+Extensions.swift"; sourceTree = "<group>"; };
		09C611E2253A407A002A4A60 /* ObservationListViewModel.swift */ = {isa = PBXFileReference; lastKnownFileType = sourcecode.swift; path = ObservationListViewModel.swift; sourceTree = "<group>"; };
		09C611E8253A4468002A4A60 /* ObservationListController.swift */ = {isa = PBXFileReference; lastKnownFileType = sourcecode.swift; path = ObservationListController.swift; sourceTree = "<group>"; };
		09D5E4EA2544259A00FBAC98 /* FeatureFlagService.swift */ = {isa = PBXFileReference; lastKnownFileType = sourcecode.swift; path = FeatureFlagService.swift; sourceTree = "<group>"; };
		09D68CF02544AB7100F9DF78 /* README.md */ = {isa = PBXFileReference; fileEncoding = 4; lastKnownFileType = net.daringfireball.markdown; path = README.md; sourceTree = "<group>"; };
		09D6C9E725239EA5008C9ABB /* Endpoint.swift */ = {isa = PBXFileReference; lastKnownFileType = sourcecode.swift; path = Endpoint.swift; sourceTree = "<group>"; };
		09D6C9ED25239F38008C9ABB /* NetworkClient.swift */ = {isa = PBXFileReference; lastKnownFileType = sourcecode.swift; path = NetworkClient.swift; sourceTree = "<group>"; };
		09DCE56A252D075500FD330B /* EndpointTests.swift */ = {isa = PBXFileReference; lastKnownFileType = sourcecode.swift; path = EndpointTests.swift; sourceTree = "<group>"; };
		09E8E0AE2531928F00E2F180 /* TestableLocale.swift */ = {isa = PBXFileReference; lastKnownFileType = sourcecode.swift; path = TestableLocale.swift; sourceTree = "<group>"; };
		09E8E0B42531A3A900E2F180 /* TestObservations.xml */ = {isa = PBXFileReference; fileEncoding = 4; lastKnownFileType = text.xml; path = TestObservations.xml; sourceTree = "<group>"; };
		09E8E0D22531E1FD00E2F180 /* EWObservation.swift */ = {isa = PBXFileReference; lastKnownFileType = sourcecode.swift; path = EWObservation.swift; sourceTree = "<group>"; };
		09E8E0D82531E29900E2F180 /* EWPhenomenon.swift */ = {isa = PBXFileReference; lastKnownFileType = sourcecode.swift; path = EWPhenomenon.swift; sourceTree = "<group>"; };
		09E8E0E22531E31700E2F180 /* EWWind.swift */ = {isa = PBXFileReference; lastKnownFileType = sourcecode.swift; path = EWWind.swift; sourceTree = "<group>"; };
		09F969FB25325BCB00DA94D6 /* EstonianWeatherUITests.xctestplan */ = {isa = PBXFileReference; lastKnownFileType = text; path = EstonianWeatherUITests.xctestplan; sourceTree = "<group>"; };
		B13DCFF725990B0700BC02E9 /* Locale+Extensions.swift */ = {isa = PBXFileReference; lastKnownFileType = sourcecode.swift; path = "Locale+Extensions.swift"; sourceTree = "<group>"; };
		B158270D252B57150064A42C /* en */ = {isa = PBXFileReference; lastKnownFileType = file.intentdefinition; name = en; path = en.lproj/EstonianWeatherWidget.intentdefinition; sourceTree = "<group>"; };
		B189D17E25E40BCD007DF2AB /* StoreKit.framework */ = {isa = PBXFileReference; lastKnownFileType = wrapper.framework; name = StoreKit.framework; path = System/Library/Frameworks/StoreKit.framework; sourceTree = SDKROOT; };
		B190252D259731E500ACD2E1 /* R.generated.swift */ = {isa = PBXFileReference; fileEncoding = 4; lastKnownFileType = sourcecode.swift; path = R.generated.swift; sourceTree = "<group>"; };
		B190EB132586A5820025415A /* Date+Extensions.swift */ = {isa = PBXFileReference; lastKnownFileType = sourcecode.swift; path = "Date+Extensions.swift"; sourceTree = "<group>"; };
		B19AC27A2598AE5C007203FB /* en */ = {isa = PBXFileReference; lastKnownFileType = text.plist.strings; name = en; path = en.lproj/AppStoreDescription.strings; sourceTree = "<group>"; };
		B19AC27C2598AE61007203FB /* ru */ = {isa = PBXFileReference; lastKnownFileType = text.plist.strings; name = ru; path = ru.lproj/AppStoreDescription.strings; sourceTree = "<group>"; };
		B1AFFAF92598FC3100ACA10E /* UIColor+Extensions.swift */ = {isa = PBXFileReference; lastKnownFileType = sourcecode.swift; path = "UIColor+Extensions.swift"; sourceTree = "<group>"; };
		B1C2356425E676ED0097FEDD /* TestConfiguration.storekit */ = {isa = PBXFileReference; lastKnownFileType = text; path = TestConfiguration.storekit; sourceTree = "<group>"; };
		B1CA14112593921C009ABBCA /* Model.swift */ = {isa = PBXFileReference; lastKnownFileType = sourcecode.swift; path = Model.swift; sourceTree = "<group>"; };
		B1CA14212593AEFB009ABBCA /* SyncStatus.swift */ = {isa = PBXFileReference; lastKnownFileType = sourcecode.swift; path = SyncStatus.swift; sourceTree = "<group>"; };
		B1D283C0259D1C68005AA4C9 /* AppStoreRatingService.swift */ = {isa = PBXFileReference; lastKnownFileType = sourcecode.swift; path = AppStoreRatingService.swift; sourceTree = "<group>"; };
		B1D652F7259943B40071A57E /* Privacy Policy.md */ = {isa = PBXFileReference; lastKnownFileType = net.daringfireball.markdown; path = "Privacy Policy.md"; sourceTree = "<group>"; };
/* End PBXFileReference section */

/* Begin PBXFrameworksBuildPhase section */
		0968CD8F2522667A00D409FF /* Frameworks */ = {
			isa = PBXFrameworksBuildPhase;
			buildActionMask = 2147483647;
			files = (
				B190251125972FB400ACD2E1 /* Rswift in Frameworks */,
				B189D17F25E40BCD007DF2AB /* StoreKit.framework in Frameworks */,
				B19E6BA3260FA6FC0079D974 /* WeatherKit in Frameworks */,
				B1B4741225EA93DC0049D953 /* Logger in Frameworks */,
				B1D2279F25EA90660086B689 /* PurchaseKit in Frameworks */,
			);
			runOnlyForDeploymentPostprocessing = 0;
		};
		0968CDA02522667B00D409FF /* Frameworks */ = {
			isa = PBXFrameworksBuildPhase;
			buildActionMask = 2147483647;
			files = (
			);
			runOnlyForDeploymentPostprocessing = 0;
		};
		0968CDAB2522667B00D409FF /* Frameworks */ = {
			isa = PBXFrameworksBuildPhase;
			buildActionMask = 2147483647;
			files = (
			);
			runOnlyForDeploymentPostprocessing = 0;
		};
		097698AD252A708A00FA1764 /* Frameworks */ = {
			isa = PBXFrameworksBuildPhase;
			buildActionMask = 2147483647;
			files = (
				B190255625973FAE00ACD2E1 /* Rswift in Frameworks */,
				097698B5252A708A00FA1764 /* SwiftUI.framework in Frameworks */,
				B18439DD25EA9645009E5D6C /* Logger in Frameworks */,
				097698B3252A708A00FA1764 /* WidgetKit.framework in Frameworks */,
			);
			runOnlyForDeploymentPostprocessing = 0;
		};
/* End PBXFrameworksBuildPhase section */

/* Begin PBXGroup section */
		0968CD892522667A00D409FF = {
			isa = PBXGroup;
			children = (
				0968CD942522667A00D409FF /* EstonianWeather */,
				097698B6252A708A00FA1764 /* EstonianWeatherWidget */,
				0968CDA62522667B00D409FF /* EstonianWeatherTests */,
				0968CDB12522667B00D409FF /* EstonianWeatherUITests */,
				097698B1252A708A00FA1764 /* Frameworks */,
				0968CD932522667A00D409FF /* Products */,
				0975939D254423B600C21C6B /* Root Supporting Files */,
				0972766F254583C100016EB0 /* LICENSE */,
				09D68CF02544AB7100F9DF78 /* README.md */,
				B1D652F7259943B40071A57E /* Privacy Policy.md */,
			);
			sourceTree = "<group>";
		};
		0968CD932522667A00D409FF /* Products */ = {
			isa = PBXGroup;
			children = (
				0968CD922522667A00D409FF /* EstonianWeather.app */,
				0968CDA32522667B00D409FF /* EstonianWeatherTests.xctest */,
				0968CDAE2522667B00D409FF /* EstonianWeatherUITests.xctest */,
				097698B0252A708A00FA1764 /* EstonianWeatherWidgetExtension.appex */,
			);
			name = Products;
			sourceTree = "<group>";
		};
		0968CD942522667A00D409FF /* EstonianWeather */ = {
			isa = PBXGroup;
			children = (
				097593D7254424AF00C21C6B /* Application Core */,
				0968CDD7252268E600D409FF /* Model */,
				0968CDC5252267F600D409FF /* Views */,
				097593BE2544244500C21C6B /* Supporting Files */,
				B13DCFDE2598FE3500BC02E9 /* Class Extensions */,
			);
			path = EstonianWeather;
			sourceTree = "<group>";
		};
		0968CD9B2522667B00D409FF /* Preview Content */ = {
			isa = PBXGroup;
			children = (
				0968CD9C2522667B00D409FF /* Preview Assets.xcassets */,
			);
			path = "Preview Content";
			sourceTree = "<group>";
		};
		0968CDA62522667B00D409FF /* EstonianWeatherTests */ = {
			isa = PBXGroup;
			children = (
				0968CE1225226A0500D409FF /* CoreDataMapperTests.swift */,
				0968CE1125226A0500D409FF /* ForecastControllerTests.swift */,
				0968CE1525226A0600D409FF /* ForecastDateFormatterTests.swift */,
				0968CE1425226A0600D409FF /* MockPersistentContainer.swift */,
				0968CE1025226A0500D409FF /* NSPersistentContainer+tests.swift */,
				0968CE1625226A0600D409FF /* TestForecast.xml */,
				09E8E0B42531A3A900E2F180 /* TestObservations.xml */,
				0968CE1325226A0600D409FF /* ServerResponseXMLParserTests.swift */,
				0968CDA72522667B00D409FF /* EstonianWeatherTests.swift */,
				0968CDA92522667B00D409FF /* Info.plist */,
				09DCE56A252D075500FD330B /* EndpointTests.swift */,
				09E8E0AE2531928F00E2F180 /* TestableLocale.swift */,
			);
			path = EstonianWeatherTests;
			sourceTree = "<group>";
		};
		0968CDB12522667B00D409FF /* EstonianWeatherUITests */ = {
			isa = PBXGroup;
			children = (
				0968CDB22522667B00D409FF /* EstonianWeatherUITests.swift */,
				09F969FB25325BCB00DA94D6 /* EstonianWeatherUITests.xctestplan */,
				0968CDB42522667B00D409FF /* Info.plist */,
			);
			path = EstonianWeatherUITests;
			sourceTree = "<group>";
		};
		0968CDC5252267F600D409FF /* Views */ = {
			isa = PBXGroup;
			children = (
				0968CDC8252267F600D409FF /* TabbarView.swift */,
				097215882534D08B00E43B7B /* ObservationList */,
				09D123A2252660EE0050DC34 /* ForecastList */,
				09D123A6252661010050DC34 /* Settings */,
				099EDB0225646D4B00C3EBE4 /* NavigationBarColor.swift */,
			);
			path = Views;
			sourceTree = "<group>";
		};
		0968CDD7252268E600D409FF /* Model */ = {
			isa = PBXGroup;
			children = (
				B1CA14112593921C009ABBCA /* Model.swift */,
				0968CDDB252268E600D409FF /* WeatherType.swift */,
				0968CDDC252268E600D409FF /* ForecastDateFormatter.swift */,
				0968CE3825227CE100D409FF /* Intermediate mapping */,
				0968CDF3252269AF00D409FF /* Core Data */,
				0968CDDF252268E600D409FF /* DataProvider.swift */,
				09D6C9EC25239F29008C9ABB /* Network */,
				B1CA14212593AEFB009ABBCA /* SyncStatus.swift */,
			);
			path = Model;
			sourceTree = "<group>";
		};
		0968CDF3252269AF00D409FF /* Core Data */ = {
			isa = PBXGroup;
			children = (
				097215972534DD7500E43B7B /* Observation+CoreDataClass.swift */,
				097215982534DD7500E43B7B /* Observation+CoreDataProperties.swift */,
				0968CDFA252269AF00D409FF /* EstonianWeather.xcdatamodeld */,
				0968CDF5252269AF00D409FF /* PersistenceService.swift */,
				0968CDDE252268E600D409FF /* DataMapper.swift */,
				0968CDF4252269AF00D409FF /* Phenomenon+CoreDataClass.swift */,
				0943927D2532423F006A37F7 /* Phenomenon+CoreDataProperties.swift */,
				0968CDF6252269AF00D409FF /* DayPartForecast+CoreDataProperties.swift */,
				0968CDF7252269AF00D409FF /* Forecast+CoreDataClass.swift */,
				0968CDF8252269AF00D409FF /* Wind+CoreDataProperties.swift */,
				0968CDF9252269AF00D409FF /* Wind+CoreDataClass.swift */,
				0968CDFC252269AF00D409FF /* Place+CoreDataProperties.swift */,
				0968CDFD252269AF00D409FF /* Place+CoreDataClass.swift */,
				0968CDFF252269AF00D409FF /* Forecast+CoreDataProperties.swift */,
				0968CE00252269AF00D409FF /* DayPartForecast+CoreDataClass.swift */,
			);
			path = "Core Data";
			sourceTree = "<group>";
		};
		0968CE3825227CE100D409FF /* Intermediate mapping */ = {
			isa = PBXGroup;
			children = (
				0968CDE2252268E600D409FF /* ServerResponseParser.swift */,
				0968CDDD252268E600D409FF /* EWForecast.swift */,
				09E8E0D22531E1FD00E2F180 /* EWObservation.swift */,
				09E8E0D82531E29900E2F180 /* EWPhenomenon.swift */,
				09E8E0E22531E31700E2F180 /* EWWind.swift */,
			);
			path = "Intermediate mapping";
			sourceTree = "<group>";
		};
		097215882534D08B00E43B7B /* ObservationList */ = {
			isa = PBXGroup;
			children = (
				097215752534C73F00E43B7B /* ObservatrionListView.swift */,
				097215892534D0F000E43B7B /* ObservationDisplayItem.swift */,
				09C611E2253A407A002A4A60 /* ObservationListViewModel.swift */,
				09C611E8253A4468002A4A60 /* ObservationListController.swift */,
			);
			path = ObservationList;
			sourceTree = "<group>";
		};
		0975939D254423B600C21C6B /* Root Supporting Files */ = {
			isa = PBXGroup;
			children = (
				B19AC27B2598AE5C007203FB /* AppStoreDescription.strings */,
				B190252D259731E500ACD2E1 /* R.generated.swift */,
				09769695252A682800FA1764 /* Settings.bundle */,
				0976968B252A667E00FA1764 /* Localizable.strings */,
				0968CE2425226A2B00D409FF /* EstonianWeather.xctestplan */,
			);
			path = "Root Supporting Files";
			sourceTree = "<group>";
		};
		097593BE2544244500C21C6B /* Supporting Files */ = {
			isa = PBXGroup;
			children = (
				B1C2356425E676ED0097FEDD /* TestConfiguration.storekit */,
				09769680252A61F500FA1764 /* EstonianWeather.entitlements */,
				0968CD992522667B00D409FF /* Assets.xcassets */,
				0968CD9E2522667B00D409FF /* Info.plist */,
				0968CD9B2522667B00D409FF /* Preview Content */,
			);
			path = "Supporting Files";
			sourceTree = "<group>";
		};
		097593D7254424AF00C21C6B /* Application Core */ = {
			isa = PBXGroup;
			children = (
				0968CD952522667A00D409FF /* EstonianWeatherApp.swift */,
				0968CDE3252268E600D409FF /* ApplicationController.swift */,
				09769673252A5ADC00FA1764 /* SettingsService.swift */,
				0975937C25441B5500C21C6B /* WidgetService.swift */,
				09D5E4EA2544259A00FBAC98 /* FeatureFlagService.swift */,
				B1D283C0259D1C68005AA4C9 /* AppStoreRatingService.swift */,
			);
			path = "Application Core";
			sourceTree = "<group>";
		};
		097698B1252A708A00FA1764 /* Frameworks */ = {
			isa = PBXGroup;
			children = (
				B189D17E25E40BCD007DF2AB /* StoreKit.framework */,
				097698B2252A708A00FA1764 /* WidgetKit.framework */,
				097698B4252A708A00FA1764 /* SwiftUI.framework */,
			);
			name = Frameworks;
			sourceTree = "<group>";
		};
		097698B6252A708A00FA1764 /* EstonianWeatherWidget */ = {
			isa = PBXGroup;
			children = (
				B158270E252B57150064A42C /* EstonianWeatherWidget.intentdefinition */,
				09406F9725336E5000FB1E1C /* EstonianWeatherWidgetExtension.entitlements */,
				09779C542532E82300957B1F /* EstonianWeatherWidgetBundle.swift */,
				09779C632532EC8C00957B1F /* WidgetForercastProvider.swift */,
				09779CC925332E3600957B1F /* ForecastWidgetEntryVIew.swift */,
				097698B7252A708A00FA1764 /* ForecastWidget.swift */,
				097698BA252A708C00FA1764 /* Assets.xcassets */,
				097698BC252A708C00FA1764 /* Info.plist */,
			);
			path = EstonianWeatherWidget;
			sourceTree = "<group>";
		};
		09D123A2252660EE0050DC34 /* ForecastList */ = {
			isa = PBXGroup;
			children = (
				0968CDD8252268E600D409FF /* ForecastListViewModel.swift */,
				0968CDE0252268E600D409FF /* ForecastDisplayItem.swift */,
				0968CDCA252267F600D409FF /* ForecastListView.swift */,
				0968CDC9252267F600D409FF /* ForecastView.swift */,
				0968CDC7252267F600D409FF /* DayPartView.swift */,
				0968CDCB252267F600D409FF /* PlaceView.swift */,
			);
			path = ForecastList;
			sourceTree = "<group>";
		};
		09D123A6252661010050DC34 /* Settings */ = {
			isa = PBXGroup;
			children = (
				0968CDDA252268E600D409FF /* SettingsViewModel.swift */,
				0968CDC6252267F600D409FF /* SettingsView.swift */,
				0968CDCC252267F600D409FF /* LanguageCell.swift */,
				09A294C82569811000545CFB /* DisclaimerCell.swift */,
				09988135256AD72C00468C58 /* AboutMeView.swift */,
			);
			path = Settings;
			sourceTree = "<group>";
		};
		09D6C9EC25239F29008C9ABB /* Network */ = {
			isa = PBXGroup;
			children = (
				09D6C9E725239EA5008C9ABB /* Endpoint.swift */,
				09D6C9ED25239F38008C9ABB /* NetworkClient.swift */,
			);
			path = Network;
			sourceTree = "<group>";
		};
		B13DCFDE2598FE3500BC02E9 /* Class Extensions */ = {
			isa = PBXGroup;
			children = (
				09A294CE2569976400545CFB /* URL+Extensions.swift */,
				B190EB132586A5820025415A /* Date+Extensions.swift */,
				B1AFFAF92598FC3100ACA10E /* UIColor+Extensions.swift */,
				B13DCFF725990B0700BC02E9 /* Locale+Extensions.swift */,
			);
			path = "Class Extensions";
			sourceTree = "<group>";
		};
/* End PBXGroup section */

/* Begin PBXNativeTarget section */
		0968CD912522667A00D409FF /* EstonianWeather */ = {
			isa = PBXNativeTarget;
			buildConfigurationList = 0968CDB72522667B00D409FF /* Build configuration list for PBXNativeTarget "EstonianWeather" */;
			buildPhases = (
				B19025162597302200ACD2E1 /* Generate R.swift */,
				0968CD8E2522667A00D409FF /* Sources */,
				0968CD8F2522667A00D409FF /* Frameworks */,
				0968CD902522667A00D409FF /* Resources */,
				0968CE2E25226B2100D409FF /* SwiftLint */,
				097698C2252A708C00FA1764 /* Embed App Extensions */,
			);
			buildRules = (
			);
			dependencies = (
				097698C0252A708C00FA1764 /* PBXTargetDependency */,
			);
			name = EstonianWeather;
			packageProductDependencies = (
				B190251025972FB400ACD2E1 /* Rswift */,
				B1D2279E25EA90660086B689 /* PurchaseKit */,
				B1B4741125EA93DC0049D953 /* Logger */,
				B19E6BA2260FA6FC0079D974 /* WeatherKit */,
			);
			productName = EstonianWeather;
			productReference = 0968CD922522667A00D409FF /* EstonianWeather.app */;
			productType = "com.apple.product-type.application";
		};
		0968CDA22522667B00D409FF /* EstonianWeatherTests */ = {
			isa = PBXNativeTarget;
			buildConfigurationList = 0968CDBA2522667B00D409FF /* Build configuration list for PBXNativeTarget "EstonianWeatherTests" */;
			buildPhases = (
				0968CD9F2522667B00D409FF /* Sources */,
				0968CDA02522667B00D409FF /* Frameworks */,
				0968CDA12522667B00D409FF /* Resources */,
			);
			buildRules = (
			);
			dependencies = (
				0968CDA52522667B00D409FF /* PBXTargetDependency */,
			);
			name = EstonianWeatherTests;
			productName = EstonianWeatherTests;
			productReference = 0968CDA32522667B00D409FF /* EstonianWeatherTests.xctest */;
			productType = "com.apple.product-type.bundle.unit-test";
		};
		0968CDAD2522667B00D409FF /* EstonianWeatherUITests */ = {
			isa = PBXNativeTarget;
			buildConfigurationList = 0968CDBD2522667B00D409FF /* Build configuration list for PBXNativeTarget "EstonianWeatherUITests" */;
			buildPhases = (
				0968CDAA2522667B00D409FF /* Sources */,
				0968CDAB2522667B00D409FF /* Frameworks */,
				0968CDAC2522667B00D409FF /* Resources */,
			);
			buildRules = (
			);
			dependencies = (
				0968CDB02522667B00D409FF /* PBXTargetDependency */,
			);
			name = EstonianWeatherUITests;
			productName = EstonianWeatherUITests;
			productReference = 0968CDAE2522667B00D409FF /* EstonianWeatherUITests.xctest */;
			productType = "com.apple.product-type.bundle.ui-testing";
		};
		097698AF252A708A00FA1764 /* EstonianWeatherWidgetExtension */ = {
			isa = PBXNativeTarget;
			buildConfigurationList = 097698C5252A708C00FA1764 /* Build configuration list for PBXNativeTarget "EstonianWeatherWidgetExtension" */;
			buildPhases = (
				097698AC252A708A00FA1764 /* Sources */,
				097698AD252A708A00FA1764 /* Frameworks */,
				097698AE252A708A00FA1764 /* Resources */,
			);
			buildRules = (
			);
			dependencies = (
			);
			name = EstonianWeatherWidgetExtension;
			packageProductDependencies = (
				B190255525973FAE00ACD2E1 /* Rswift */,
				B18439DC25EA9645009E5D6C /* Logger */,
			);
			productName = EstonianWeatherWidgetExtension;
			productReference = 097698B0252A708A00FA1764 /* EstonianWeatherWidgetExtension.appex */;
			productType = "com.apple.product-type.app-extension";
		};
/* End PBXNativeTarget section */

/* Begin PBXProject section */
		0968CD8A2522667A00D409FF /* Project object */ = {
			isa = PBXProject;
			attributes = {
				LastSwiftUpdateCheck = 1200;
				LastUpgradeCheck = 1210;
				TargetAttributes = {
					0968CD912522667A00D409FF = {
						CreatedOnToolsVersion = 12.0.1;
					};
					0968CDA22522667B00D409FF = {
						CreatedOnToolsVersion = 12.0.1;
						TestTargetID = 0968CD912522667A00D409FF;
					};
					0968CDAD2522667B00D409FF = {
						CreatedOnToolsVersion = 12.0.1;
						TestTargetID = 0968CD912522667A00D409FF;
					};
					097698AF252A708A00FA1764 = {
						CreatedOnToolsVersion = 12.0.1;
					};
				};
			};
			buildConfigurationList = 0968CD8D2522667A00D409FF /* Build configuration list for PBXProject "EstonianWeather" */;
			compatibilityVersion = "Xcode 9.3";
			developmentRegion = en;
			hasScannedForEncodings = 0;
			knownRegions = (
				en,
				Base,
				ru,
				et,
			);
			mainGroup = 0968CD892522667A00D409FF;
			packageReferences = (
				B190250F25972FB400ACD2E1 /* XCRemoteSwiftPackageReference "R.swift" */,
				B1D2279D25EA90660086B689 /* XCRemoteSwiftPackageReference "PurchaseKit" */,
				B1B4741025EA93DC0049D953 /* XCRemoteSwiftPackageReference "Logger" */,
				B19E6BA1260FA6FC0079D974 /* XCRemoteSwiftPackageReference "WeatherKit" */,
			);
			productRefGroup = 0968CD932522667A00D409FF /* Products */;
			projectDirPath = "";
			projectRoot = "";
			targets = (
				0968CD912522667A00D409FF /* EstonianWeather */,
				0968CDA22522667B00D409FF /* EstonianWeatherTests */,
				0968CDAD2522667B00D409FF /* EstonianWeatherUITests */,
				097698AF252A708A00FA1764 /* EstonianWeatherWidgetExtension */,
			);
		};
/* End PBXProject section */

/* Begin PBXResourcesBuildPhase section */
		0968CD902522667A00D409FF /* Resources */ = {
			isa = PBXResourcesBuildPhase;
			buildActionMask = 2147483647;
			files = (
				09727670254583C100016EB0 /* LICENSE in Resources */,
				09769696252A682800FA1764 /* Settings.bundle in Resources */,
				0968CD9D2522667B00D409FF /* Preview Assets.xcassets in Resources */,
				09769689252A667E00FA1764 /* Localizable.strings in Resources */,
				0968CD9A2522667B00D409FF /* Assets.xcassets in Resources */,
			);
			runOnlyForDeploymentPostprocessing = 0;
		};
		0968CDA12522667B00D409FF /* Resources */ = {
			isa = PBXResourcesBuildPhase;
			buildActionMask = 2147483647;
			files = (
				0968CE1D25226A0600D409FF /* TestForecast.xml in Resources */,
				0968CE2625226A2B00D409FF /* EstonianWeather.xctestplan in Resources */,
				09E8E0B52531A3A900E2F180 /* TestObservations.xml in Resources */,
			);
			runOnlyForDeploymentPostprocessing = 0;
		};
		0968CDAC2522667B00D409FF /* Resources */ = {
			isa = PBXResourcesBuildPhase;
			buildActionMask = 2147483647;
			files = (
			);
			runOnlyForDeploymentPostprocessing = 0;
		};
		097698AE252A708A00FA1764 /* Resources */ = {
			isa = PBXResourcesBuildPhase;
			buildActionMask = 2147483647;
			files = (
				097698BB252A708C00FA1764 /* Assets.xcassets in Resources */,
				B1F58A9A2594A732004117F9 /* Localizable.strings in Resources */,
			);
			runOnlyForDeploymentPostprocessing = 0;
		};
/* End PBXResourcesBuildPhase section */

/* Begin PBXShellScriptBuildPhase section */
		0968CE2E25226B2100D409FF /* SwiftLint */ = {
			isa = PBXShellScriptBuildPhase;
			buildActionMask = 2147483647;
			files = (
			);
			inputFileListPaths = (
			);
			inputPaths = (
			);
			name = SwiftLint;
			outputFileListPaths = (
			);
			outputPaths = (
			);
			runOnlyForDeploymentPostprocessing = 0;
			shellPath = /bin/sh;
			shellScript = "if which swiftlint >/dev/null; then\n  swiftlint\nelse\n  echo \"warning: SwiftLint not installed, download from https://github.com/realm/SwiftLint\"\nfi\n";
		};
		B19025162597302200ACD2E1 /* Generate R.swift */ = {
			isa = PBXShellScriptBuildPhase;
			buildActionMask = 2147483647;
			files = (
			);
			inputFileListPaths = (
			);
			inputPaths = (
				"$TEMP_DIR/rswift-lastrun",
			);
			name = "Generate R.swift";
			outputFileListPaths = (
			);
			outputPaths = (
				"$SRCROOT/Root Supporting Files/R.generated.swift",
			);
			runOnlyForDeploymentPostprocessing = 0;
			shellPath = /bin/sh;
			shellScript = "\"$SRCROOT/rswift\" generate \"$SRCROOT/Root Supporting Files/R.generated.swift\"\n";
		};
/* End PBXShellScriptBuildPhase section */

/* Begin PBXSourcesBuildPhase section */
		0968CD8E2522667A00D409FF /* Sources */ = {
			isa = PBXSourcesBuildPhase;
			buildActionMask = 2147483647;
			files = (
				0968CE08252269AF00D409FF /* Place+CoreDataProperties.swift in Sources */,
				09988136256AD72C00468C58 /* AboutMeView.swift in Sources */,
				0968CE06252269AF00D409FF /* Wind+CoreDataClass.swift in Sources */,
				0968CDEC252268E600D409FF /* ForecastDisplayItem.swift in Sources */,
				099EDB0325646D4B00C3EBE4 /* NavigationBarColor.swift in Sources */,
				0968CE02252269AF00D409FF /* PersistenceService.swift in Sources */,
				0968CDD3252267F600D409FF /* LanguageCell.swift in Sources */,
				B1CA14122593921C009ABBCA /* Model.swift in Sources */,
				B13DCFF825990B0700BC02E9 /* Locale+Extensions.swift in Sources */,
				09C611E3253A407A002A4A60 /* ObservationListViewModel.swift in Sources */,
				0968CE09252269AF00D409FF /* Place+CoreDataClass.swift in Sources */,
				0968CE01252269AF00D409FF /* Phenomenon+CoreDataClass.swift in Sources */,
				B190252E259731E500ACD2E1 /* R.generated.swift in Sources */,
				0968CE07252269AF00D409FF /* EstonianWeather.xcdatamodeld in Sources */,
				B190EB142586A5820025415A /* Date+Extensions.swift in Sources */,
				0972158A2534D0F000E43B7B /* ObservationDisplayItem.swift in Sources */,
				0968CDCE252267F600D409FF /* DayPartView.swift in Sources */,
				0968CE0B252269AF00D409FF /* Forecast+CoreDataProperties.swift in Sources */,
				09D5E4EB2544259A00FBAC98 /* FeatureFlagService.swift in Sources */,
				0968CE04252269AF00D409FF /* Forecast+CoreDataClass.swift in Sources */,
				0968CDD1252267F600D409FF /* ForecastListView.swift in Sources */,
				B1D283C1259D1C68005AA4C9 /* AppStoreRatingService.swift in Sources */,
				0968CDD2252267F600D409FF /* PlaceView.swift in Sources */,
				09D6C9E825239EA5008C9ABB /* Endpoint.swift in Sources */,
				0968CDCD252267F600D409FF /* SettingsView.swift in Sources */,
				097215762534C73F00E43B7B /* ObservatrionListView.swift in Sources */,
				09E8E0D92531E29900E2F180 /* EWPhenomenon.swift in Sources */,
				B158270B252B57150064A42C /* EstonianWeatherWidget.intentdefinition in Sources */,
				09E8E0E32531E31700E2F180 /* EWWind.swift in Sources */,
				09C611E9253A4468002A4A60 /* ObservationListController.swift in Sources */,
				09769674252A5ADC00FA1764 /* SettingsService.swift in Sources */,
				0968CDCF252267F600D409FF /* TabbarView.swift in Sources */,
				0975937D25441B5500C21C6B /* WidgetService.swift in Sources */,
				0968CE03252269AF00D409FF /* DayPartForecast+CoreDataProperties.swift in Sources */,
				09A294CF2569976400545CFB /* URL+Extensions.swift in Sources */,
				094392832532423F006A37F7 /* Phenomenon+CoreDataProperties.swift in Sources */,
				B1AFFAFA2598FC3100ACA10E /* UIColor+Extensions.swift in Sources */,
				0968CD962522667A00D409FF /* EstonianWeatherApp.swift in Sources */,
				09A294C92569811000545CFB /* DisclaimerCell.swift in Sources */,
				0968CDEF252268E600D409FF /* ApplicationController.swift in Sources */,
				0968CDD0252267F600D409FF /* ForecastView.swift in Sources */,
				09D6C9EE25239F38008C9ABB /* NetworkClient.swift in Sources */,
				0968CDEA252268E600D409FF /* DataMapper.swift in Sources */,
				0972159B2534DD7500E43B7B /* Observation+CoreDataProperties.swift in Sources */,
				0968CDE9252268E600D409FF /* EWForecast.swift in Sources */,
				0968CDEB252268E600D409FF /* DataProvider.swift in Sources */,
				097215992534DD7500E43B7B /* Observation+CoreDataClass.swift in Sources */,
				09E8E0D32531E1FD00E2F180 /* EWObservation.swift in Sources */,
				B1CA14222593AEFB009ABBCA /* SyncStatus.swift in Sources */,
				0968CDE7252268E600D409FF /* WeatherType.swift in Sources */,
				0968CE0C252269AF00D409FF /* DayPartForecast+CoreDataClass.swift in Sources */,
				0968CDE8252268E600D409FF /* ForecastDateFormatter.swift in Sources */,
				0968CDE4252268E600D409FF /* ForecastListViewModel.swift in Sources */,
				0968CE05252269AF00D409FF /* Wind+CoreDataProperties.swift in Sources */,
				0968CDE6252268E600D409FF /* SettingsViewModel.swift in Sources */,
				0968CDEE252268E600D409FF /* ServerResponseParser.swift in Sources */,
			);
			runOnlyForDeploymentPostprocessing = 0;
		};
		0968CD9F2522667B00D409FF /* Sources */ = {
			isa = PBXSourcesBuildPhase;
			buildActionMask = 2147483647;
			files = (
				0968CE1B25226A0600D409FF /* MockPersistentContainer.swift in Sources */,
				0968CDA82522667B00D409FF /* EstonianWeatherTests.swift in Sources */,
				09DCE56B252D075500FD330B /* EndpointTests.swift in Sources */,
				0968CE1825226A0600D409FF /* ForecastControllerTests.swift in Sources */,
				0968CE1A25226A0600D409FF /* ServerResponseXMLParserTests.swift in Sources */,
				09E8E0AF2531928F00E2F180 /* TestableLocale.swift in Sources */,
				0968CE1925226A0600D409FF /* CoreDataMapperTests.swift in Sources */,
				0968CE1C25226A0600D409FF /* ForecastDateFormatterTests.swift in Sources */,
				0968CE1725226A0600D409FF /* NSPersistentContainer+tests.swift in Sources */,
			);
			runOnlyForDeploymentPostprocessing = 0;
		};
		0968CDAA2522667B00D409FF /* Sources */ = {
			isa = PBXSourcesBuildPhase;
			buildActionMask = 2147483647;
			files = (
				0968CDB32522667B00D409FF /* EstonianWeatherUITests.swift in Sources */,
				09F969F62532597600DA94D6 /* TestableLocale.swift in Sources */,
			);
			runOnlyForDeploymentPostprocessing = 0;
		};
		097698AC252A708A00FA1764 /* Sources */ = {
			isa = PBXSourcesBuildPhase;
			buildActionMask = 2147483647;
			files = (
				09779CCA25332E3600957B1F /* ForecastWidgetEntryVIew.swift in Sources */,
				09779C792532F22600957B1F /* Wind+CoreDataClass.swift in Sources */,
				B1CA14272593AEFF009ABBCA /* SyncStatus.swift in Sources */,
				09779C8E2532F2BC00957B1F /* ForecastDateFormatter.swift in Sources */,
				09988128256A876F00468C58 /* URL+Extensions.swift in Sources */,
				09779C892532F2AF00957B1F /* DataProvider.swift in Sources */,
				09779C782532F22600957B1F /* Phenomenon+CoreDataProperties.swift in Sources */,
				09779C802532F22600957B1F /* Forecast+CoreDataClass.swift in Sources */,
				09779CB12532F30000957B1F /* WeatherType.swift in Sources */,
				09779CA72532F2F400957B1F /* EWWind.swift in Sources */,
				09BD4839253CA9E000F7819E /* ObservationDisplayItem.swift in Sources */,
				B13DCFD92598FDB200BC02E9 /* UIColor+Extensions.swift in Sources */,
				0972159C2534DD7500E43B7B /* Observation+CoreDataProperties.swift in Sources */,
				B1CA141C2593AE6C009ABBCA /* WidgetService.swift in Sources */,
				B1CA14172593AE47009ABBCA /* Model.swift in Sources */,
				B1D3AC3C258D530600456FCB /* NetworkClient.swift in Sources */,
				09779C772532F22600957B1F /* Place+CoreDataProperties.swift in Sources */,
				09779C712532F18A00957B1F /* PersistenceService.swift in Sources */,
				0972159A2534DD7500E43B7B /* Observation+CoreDataClass.swift in Sources */,
				09779C9D2532F2E300957B1F /* EWForecast.swift in Sources */,
				09779C7A2532F22600957B1F /* DayPartForecast+CoreDataClass.swift in Sources */,
				09779C832532F22600957B1F /* Phenomenon+CoreDataClass.swift in Sources */,
				09779C642532EC8C00957B1F /* WidgetForercastProvider.swift in Sources */,
				097215832534D07400E43B7B /* ForecastDisplayItem.swift in Sources */,
				B158270C252B57150064A42C /* EstonianWeatherWidget.intentdefinition in Sources */,
				09779C7E2532F22600957B1F /* DataMapper.swift in Sources */,
				09779C822532F22600957B1F /* Place+CoreDataClass.swift in Sources */,
				09779CC42532F9C900957B1F /* EstonianWeather.xcdatamodeld in Sources */,
				09779CA22532F2EC00957B1F /* EWObservation.swift in Sources */,
				097698B8252A708A00FA1764 /* ForecastWidget.swift in Sources */,
				09779C7D2532F22600957B1F /* Wind+CoreDataProperties.swift in Sources */,
				B1D3AC41258D532200456FCB /* ServerResponseParser.swift in Sources */,
				09779CAC2532F2F900957B1F /* EWPhenomenon.swift in Sources */,
				09779C762532F22600957B1F /* DayPartForecast+CoreDataProperties.swift in Sources */,
				09779C5E2532E87E00957B1F /* EstonianWeatherWidgetBundle.swift in Sources */,
				09D5E4F4254427E900FBAC98 /* FeatureFlagService.swift in Sources */,
				B1D3AC37258D52DC00456FCB /* Endpoint.swift in Sources */,
				09779C812532F22600957B1F /* Forecast+CoreDataProperties.swift in Sources */,
			);
			runOnlyForDeploymentPostprocessing = 0;
		};
/* End PBXSourcesBuildPhase section */

/* Begin PBXTargetDependency section */
		0968CDA52522667B00D409FF /* PBXTargetDependency */ = {
			isa = PBXTargetDependency;
			target = 0968CD912522667A00D409FF /* EstonianWeather */;
			targetProxy = 0968CDA42522667B00D409FF /* PBXContainerItemProxy */;
		};
		0968CDB02522667B00D409FF /* PBXTargetDependency */ = {
			isa = PBXTargetDependency;
			target = 0968CD912522667A00D409FF /* EstonianWeather */;
			targetProxy = 0968CDAF2522667B00D409FF /* PBXContainerItemProxy */;
		};
		097698C0252A708C00FA1764 /* PBXTargetDependency */ = {
			isa = PBXTargetDependency;
			target = 097698AF252A708A00FA1764 /* EstonianWeatherWidgetExtension */;
			targetProxy = 097698BF252A708C00FA1764 /* PBXContainerItemProxy */;
		};
/* End PBXTargetDependency section */

/* Begin PBXVariantGroup section */
		0976968B252A667E00FA1764 /* Localizable.strings */ = {
			isa = PBXVariantGroup;
			children = (
				0976968A252A667E00FA1764 /* en */,
				0976968F252A668300FA1764 /* et */,
				09769690252A668700FA1764 /* ru */,
			);
			name = Localizable.strings;
			sourceTree = "<group>";
		};
		B158270E252B57150064A42C /* EstonianWeatherWidget.intentdefinition */ = {
			isa = PBXVariantGroup;
			children = (
				B158270D252B57150064A42C /* en */,
				09974221252B93290011193F /* et */,
				09974227252B932A0011193F /* ru */,
			);
			name = EstonianWeatherWidget.intentdefinition;
			sourceTree = "<group>";
		};
		B19AC27B2598AE5C007203FB /* AppStoreDescription.strings */ = {
			isa = PBXVariantGroup;
			children = (
				B19AC27A2598AE5C007203FB /* en */,
				B19AC27C2598AE61007203FB /* ru */,
			);
			name = AppStoreDescription.strings;
			sourceTree = "<group>";
		};
/* End PBXVariantGroup section */

/* Begin XCBuildConfiguration section */
		0968CDB52522667B00D409FF /* Debug */ = {
			isa = XCBuildConfiguration;
			buildSettings = {
				ALWAYS_SEARCH_USER_PATHS = NO;
				CLANG_ANALYZER_LOCALIZABILITY_NONLOCALIZED = YES;
				CLANG_ANALYZER_NONNULL = YES;
				CLANG_ANALYZER_NUMBER_OBJECT_CONVERSION = YES_AGGRESSIVE;
				CLANG_CXX_LANGUAGE_STANDARD = "gnu++14";
				CLANG_CXX_LIBRARY = "libc++";
				CLANG_ENABLE_MODULES = YES;
				CLANG_ENABLE_OBJC_ARC = YES;
				CLANG_ENABLE_OBJC_WEAK = YES;
				CLANG_WARN_BLOCK_CAPTURE_AUTORELEASING = YES;
				CLANG_WARN_BOOL_CONVERSION = YES;
				CLANG_WARN_COMMA = YES;
				CLANG_WARN_CONSTANT_CONVERSION = YES;
				CLANG_WARN_DEPRECATED_OBJC_IMPLEMENTATIONS = YES;
				CLANG_WARN_DIRECT_OBJC_ISA_USAGE = YES_ERROR;
				CLANG_WARN_DOCUMENTATION_COMMENTS = YES;
				CLANG_WARN_EMPTY_BODY = YES;
				CLANG_WARN_ENUM_CONVERSION = YES;
				CLANG_WARN_INFINITE_RECURSION = YES;
				CLANG_WARN_INT_CONVERSION = YES;
				CLANG_WARN_NON_LITERAL_NULL_CONVERSION = YES;
				CLANG_WARN_OBJC_IMPLICIT_RETAIN_SELF = YES;
				CLANG_WARN_OBJC_LITERAL_CONVERSION = YES;
				CLANG_WARN_OBJC_ROOT_CLASS = YES_ERROR;
				CLANG_WARN_QUOTED_INCLUDE_IN_FRAMEWORK_HEADER = YES;
				CLANG_WARN_RANGE_LOOP_ANALYSIS = YES;
				CLANG_WARN_STRICT_PROTOTYPES = YES;
				CLANG_WARN_SUSPICIOUS_MOVE = YES;
				CLANG_WARN_UNGUARDED_AVAILABILITY = YES_AGGRESSIVE;
				CLANG_WARN_UNREACHABLE_CODE = YES;
				CLANG_WARN__DUPLICATE_METHOD_MATCH = YES;
				COPY_PHASE_STRIP = NO;
				CURRENT_PROJECT_VERSION = 32;
				DEBUG_INFORMATION_FORMAT = dwarf;
				ENABLE_STRICT_OBJC_MSGSEND = YES;
				ENABLE_TESTABILITY = YES;
				GCC_C_LANGUAGE_STANDARD = gnu11;
				GCC_DYNAMIC_NO_PIC = NO;
				GCC_NO_COMMON_BLOCKS = YES;
				GCC_OPTIMIZATION_LEVEL = 0;
				GCC_PREPROCESSOR_DEFINITIONS = (
					"DEBUG=1",
					"$(inherited)",
				);
				GCC_WARN_64_TO_32_BIT_CONVERSION = YES;
				GCC_WARN_ABOUT_RETURN_TYPE = YES_ERROR;
				GCC_WARN_UNDECLARED_SELECTOR = YES;
				GCC_WARN_UNINITIALIZED_AUTOS = YES_AGGRESSIVE;
				GCC_WARN_UNUSED_FUNCTION = YES;
				GCC_WARN_UNUSED_VARIABLE = YES;
				IPHONEOS_DEPLOYMENT_TARGET = 14.1;
				MTL_ENABLE_DEBUG_INFO = INCLUDE_SOURCE;
				MTL_FAST_MATH = YES;
				ONLY_ACTIVE_ARCH = YES;
				SDKROOT = iphoneos;
				SWIFT_ACTIVE_COMPILATION_CONDITIONS = DEBUG;
				SWIFT_OPTIMIZATION_LEVEL = "-Onone";
				VERSIONING_SYSTEM = "apple-generic";
			};
			name = Debug;
		};
		0968CDB62522667B00D409FF /* Release */ = {
			isa = XCBuildConfiguration;
			buildSettings = {
				ALWAYS_SEARCH_USER_PATHS = NO;
				CLANG_ANALYZER_LOCALIZABILITY_NONLOCALIZED = YES;
				CLANG_ANALYZER_NONNULL = YES;
				CLANG_ANALYZER_NUMBER_OBJECT_CONVERSION = YES_AGGRESSIVE;
				CLANG_CXX_LANGUAGE_STANDARD = "gnu++14";
				CLANG_CXX_LIBRARY = "libc++";
				CLANG_ENABLE_MODULES = YES;
				CLANG_ENABLE_OBJC_ARC = YES;
				CLANG_ENABLE_OBJC_WEAK = YES;
				CLANG_WARN_BLOCK_CAPTURE_AUTORELEASING = YES;
				CLANG_WARN_BOOL_CONVERSION = YES;
				CLANG_WARN_COMMA = YES;
				CLANG_WARN_CONSTANT_CONVERSION = YES;
				CLANG_WARN_DEPRECATED_OBJC_IMPLEMENTATIONS = YES;
				CLANG_WARN_DIRECT_OBJC_ISA_USAGE = YES_ERROR;
				CLANG_WARN_DOCUMENTATION_COMMENTS = YES;
				CLANG_WARN_EMPTY_BODY = YES;
				CLANG_WARN_ENUM_CONVERSION = YES;
				CLANG_WARN_INFINITE_RECURSION = YES;
				CLANG_WARN_INT_CONVERSION = YES;
				CLANG_WARN_NON_LITERAL_NULL_CONVERSION = YES;
				CLANG_WARN_OBJC_IMPLICIT_RETAIN_SELF = YES;
				CLANG_WARN_OBJC_LITERAL_CONVERSION = YES;
				CLANG_WARN_OBJC_ROOT_CLASS = YES_ERROR;
				CLANG_WARN_QUOTED_INCLUDE_IN_FRAMEWORK_HEADER = YES;
				CLANG_WARN_RANGE_LOOP_ANALYSIS = YES;
				CLANG_WARN_STRICT_PROTOTYPES = YES;
				CLANG_WARN_SUSPICIOUS_MOVE = YES;
				CLANG_WARN_UNGUARDED_AVAILABILITY = YES_AGGRESSIVE;
				CLANG_WARN_UNREACHABLE_CODE = YES;
				CLANG_WARN__DUPLICATE_METHOD_MATCH = YES;
				COPY_PHASE_STRIP = NO;
				CURRENT_PROJECT_VERSION = 32;
				DEBUG_INFORMATION_FORMAT = "dwarf-with-dsym";
				ENABLE_NS_ASSERTIONS = NO;
				ENABLE_STRICT_OBJC_MSGSEND = YES;
				GCC_C_LANGUAGE_STANDARD = gnu11;
				GCC_NO_COMMON_BLOCKS = YES;
				GCC_WARN_64_TO_32_BIT_CONVERSION = YES;
				GCC_WARN_ABOUT_RETURN_TYPE = YES_ERROR;
				GCC_WARN_UNDECLARED_SELECTOR = YES;
				GCC_WARN_UNINITIALIZED_AUTOS = YES_AGGRESSIVE;
				GCC_WARN_UNUSED_FUNCTION = YES;
				GCC_WARN_UNUSED_VARIABLE = YES;
				IPHONEOS_DEPLOYMENT_TARGET = 14.1;
				MTL_ENABLE_DEBUG_INFO = NO;
				MTL_FAST_MATH = YES;
				SDKROOT = iphoneos;
				SWIFT_COMPILATION_MODE = wholemodule;
				SWIFT_OPTIMIZATION_LEVEL = "-O";
				VALIDATE_PRODUCT = YES;
				VERSIONING_SYSTEM = "apple-generic";
			};
			name = Release;
		};
		0968CDB82522667B00D409FF /* Debug */ = {
			isa = XCBuildConfiguration;
			buildSettings = {
				ALWAYS_EMBED_SWIFT_STANDARD_LIBRARIES = YES;
				ASSETCATALOG_COMPILER_APPICON_NAME = AppIcon;
				ASSETCATALOG_COMPILER_GLOBAL_ACCENT_COLOR_NAME = AccentColor;
				CODE_SIGN_ENTITLEMENTS = "EstonianWeather/Supporting Files/EstonianWeather.entitlements";
				CODE_SIGN_STYLE = Automatic;
				CURRENT_PROJECT_VERSION = 32;
				DEVELOPMENT_ASSET_PATHS = "\"EstonianWeather/Supporting Files/Preview Content\"";
				DEVELOPMENT_TEAM = NFA8F38A32;
				ENABLE_PREVIEWS = YES;
				INFOPLIST_FILE = "EstonianWeather/Supporting Files/Info.plist";
				IPHONEOS_DEPLOYMENT_TARGET = 14.1;
				LD_RUNPATH_SEARCH_PATHS = (
					"$(inherited)",
					"@executable_path/Frameworks",
				);
				MARKETING_VERSION = 1.3.0;
				PRODUCT_BUNDLE_IDENTIFIER = com.shiaulis.EstonianWeather;
				PRODUCT_NAME = "$(TARGET_NAME)";
				SWIFT_VERSION = 5.0;
				TARGETED_DEVICE_FAMILY = "1,2";
			};
			name = Debug;
		};
		0968CDB92522667B00D409FF /* Release */ = {
			isa = XCBuildConfiguration;
			buildSettings = {
				ALWAYS_EMBED_SWIFT_STANDARD_LIBRARIES = YES;
				ASSETCATALOG_COMPILER_APPICON_NAME = AppIcon;
				ASSETCATALOG_COMPILER_GLOBAL_ACCENT_COLOR_NAME = AccentColor;
				CODE_SIGN_ENTITLEMENTS = "EstonianWeather/Supporting Files/EstonianWeather.entitlements";
				CODE_SIGN_STYLE = Automatic;
				CURRENT_PROJECT_VERSION = 32;
				DEVELOPMENT_ASSET_PATHS = "\"EstonianWeather/Supporting Files/Preview Content\"";
				DEVELOPMENT_TEAM = NFA8F38A32;
				ENABLE_PREVIEWS = YES;
				INFOPLIST_FILE = "EstonianWeather/Supporting Files/Info.plist";
				IPHONEOS_DEPLOYMENT_TARGET = 14.1;
				LD_RUNPATH_SEARCH_PATHS = (
					"$(inherited)",
					"@executable_path/Frameworks",
				);
				MARKETING_VERSION = 1.3.0;
				PRODUCT_BUNDLE_IDENTIFIER = com.shiaulis.EstonianWeather;
				PRODUCT_NAME = "$(TARGET_NAME)";
				SWIFT_VERSION = 5.0;
				TARGETED_DEVICE_FAMILY = "1,2";
			};
			name = Release;
		};
		0968CDBB2522667B00D409FF /* Debug */ = {
			isa = XCBuildConfiguration;
			buildSettings = {
				ALWAYS_EMBED_SWIFT_STANDARD_LIBRARIES = YES;
				BUNDLE_LOADER = "$(TEST_HOST)";
				CODE_SIGN_STYLE = Automatic;
				DEVELOPMENT_TEAM = NFA8F38A32;
				INFOPLIST_FILE = EstonianWeatherTests/Info.plist;
				IPHONEOS_DEPLOYMENT_TARGET = 14.1;
				LD_RUNPATH_SEARCH_PATHS = (
					"$(inherited)",
					"@executable_path/Frameworks",
					"@loader_path/Frameworks",
				);
				PRODUCT_BUNDLE_IDENTIFIER = com.shiaulis.EstonianWeatherTests;
				PRODUCT_NAME = "$(TARGET_NAME)";
				SWIFT_VERSION = 5.0;
				TARGETED_DEVICE_FAMILY = "1,2";
				TEST_HOST = "$(BUILT_PRODUCTS_DIR)/EstonianWeather.app/EstonianWeather";
			};
			name = Debug;
		};
		0968CDBC2522667B00D409FF /* Release */ = {
			isa = XCBuildConfiguration;
			buildSettings = {
				ALWAYS_EMBED_SWIFT_STANDARD_LIBRARIES = YES;
				BUNDLE_LOADER = "$(TEST_HOST)";
				CODE_SIGN_STYLE = Automatic;
				DEVELOPMENT_TEAM = NFA8F38A32;
				INFOPLIST_FILE = EstonianWeatherTests/Info.plist;
				IPHONEOS_DEPLOYMENT_TARGET = 14.1;
				LD_RUNPATH_SEARCH_PATHS = (
					"$(inherited)",
					"@executable_path/Frameworks",
					"@loader_path/Frameworks",
				);
				PRODUCT_BUNDLE_IDENTIFIER = com.shiaulis.EstonianWeatherTests;
				PRODUCT_NAME = "$(TARGET_NAME)";
				SWIFT_VERSION = 5.0;
				TARGETED_DEVICE_FAMILY = "1,2";
				TEST_HOST = "$(BUILT_PRODUCTS_DIR)/EstonianWeather.app/EstonianWeather";
			};
			name = Release;
		};
		0968CDBE2522667B00D409FF /* Debug */ = {
			isa = XCBuildConfiguration;
			buildSettings = {
				ALWAYS_EMBED_SWIFT_STANDARD_LIBRARIES = YES;
				CODE_SIGN_STYLE = Automatic;
				DEVELOPMENT_TEAM = NFA8F38A32;
				INFOPLIST_FILE = EstonianWeatherUITests/Info.plist;
				LD_RUNPATH_SEARCH_PATHS = (
					"$(inherited)",
					"@executable_path/Frameworks",
					"@loader_path/Frameworks",
				);
				PRODUCT_BUNDLE_IDENTIFIER = com.shiaulis.EstonianWeatherUITests;
				PRODUCT_NAME = "$(TARGET_NAME)";
				SWIFT_VERSION = 5.0;
				TARGETED_DEVICE_FAMILY = "1,2";
				TEST_TARGET_NAME = EstonianWeather;
			};
			name = Debug;
		};
		0968CDBF2522667B00D409FF /* Release */ = {
			isa = XCBuildConfiguration;
			buildSettings = {
				ALWAYS_EMBED_SWIFT_STANDARD_LIBRARIES = YES;
				CODE_SIGN_STYLE = Automatic;
				DEVELOPMENT_TEAM = NFA8F38A32;
				INFOPLIST_FILE = EstonianWeatherUITests/Info.plist;
				LD_RUNPATH_SEARCH_PATHS = (
					"$(inherited)",
					"@executable_path/Frameworks",
					"@loader_path/Frameworks",
				);
				PRODUCT_BUNDLE_IDENTIFIER = com.shiaulis.EstonianWeatherUITests;
				PRODUCT_NAME = "$(TARGET_NAME)";
				SWIFT_VERSION = 5.0;
				TARGETED_DEVICE_FAMILY = "1,2";
				TEST_TARGET_NAME = EstonianWeather;
			};
			name = Release;
		};
		097698C3252A708C00FA1764 /* Debug */ = {
			isa = XCBuildConfiguration;
			buildSettings = {
				ASSETCATALOG_COMPILER_GLOBAL_ACCENT_COLOR_NAME = AccentColor;
				ASSETCATALOG_COMPILER_WIDGET_BACKGROUND_COLOR_NAME = WidgetBackground;
				CODE_SIGN_ENTITLEMENTS = EstonianWeatherWidget/EstonianWeatherWidgetExtension.entitlements;
				CODE_SIGN_STYLE = Automatic;
				CURRENT_PROJECT_VERSION = 32;
				DEVELOPMENT_TEAM = NFA8F38A32;
				INFOPLIST_FILE = EstonianWeatherWidget/Info.plist;
				IPHONEOS_DEPLOYMENT_TARGET = 14.1;
				LD_RUNPATH_SEARCH_PATHS = (
					"$(inherited)",
					"@executable_path/Frameworks",
					"@executable_path/../../Frameworks",
				);
				MARKETING_VERSION = 1.3.0;
				PRODUCT_BUNDLE_IDENTIFIER = com.shiaulis.EstonianWeather.EstonianWeatherWidget;
				PRODUCT_NAME = "$(TARGET_NAME)";
				SKIP_INSTALL = YES;
				SWIFT_VERSION = 5.0;
				TARGETED_DEVICE_FAMILY = "1,2";
			};
			name = Debug;
		};
		097698C4252A708C00FA1764 /* Release */ = {
			isa = XCBuildConfiguration;
			buildSettings = {
				ASSETCATALOG_COMPILER_GLOBAL_ACCENT_COLOR_NAME = AccentColor;
				ASSETCATALOG_COMPILER_WIDGET_BACKGROUND_COLOR_NAME = WidgetBackground;
				CODE_SIGN_ENTITLEMENTS = EstonianWeatherWidget/EstonianWeatherWidgetExtension.entitlements;
				CODE_SIGN_STYLE = Automatic;
				CURRENT_PROJECT_VERSION = 32;
				DEVELOPMENT_TEAM = NFA8F38A32;
				INFOPLIST_FILE = EstonianWeatherWidget/Info.plist;
				IPHONEOS_DEPLOYMENT_TARGET = 14.1;
				LD_RUNPATH_SEARCH_PATHS = (
					"$(inherited)",
					"@executable_path/Frameworks",
					"@executable_path/../../Frameworks",
				);
				MARKETING_VERSION = 1.3.0;
				PRODUCT_BUNDLE_IDENTIFIER = com.shiaulis.EstonianWeather.EstonianWeatherWidget;
				PRODUCT_NAME = "$(TARGET_NAME)";
				SKIP_INSTALL = YES;
				SWIFT_VERSION = 5.0;
				TARGETED_DEVICE_FAMILY = "1,2";
			};
			name = Release;
		};
/* End XCBuildConfiguration section */

/* Begin XCConfigurationList section */
		0968CD8D2522667A00D409FF /* Build configuration list for PBXProject "EstonianWeather" */ = {
			isa = XCConfigurationList;
			buildConfigurations = (
				0968CDB52522667B00D409FF /* Debug */,
				0968CDB62522667B00D409FF /* Release */,
			);
			defaultConfigurationIsVisible = 0;
			defaultConfigurationName = Release;
		};
		0968CDB72522667B00D409FF /* Build configuration list for PBXNativeTarget "EstonianWeather" */ = {
			isa = XCConfigurationList;
			buildConfigurations = (
				0968CDB82522667B00D409FF /* Debug */,
				0968CDB92522667B00D409FF /* Release */,
			);
			defaultConfigurationIsVisible = 0;
			defaultConfigurationName = Release;
		};
		0968CDBA2522667B00D409FF /* Build configuration list for PBXNativeTarget "EstonianWeatherTests" */ = {
			isa = XCConfigurationList;
			buildConfigurations = (
				0968CDBB2522667B00D409FF /* Debug */,
				0968CDBC2522667B00D409FF /* Release */,
			);
			defaultConfigurationIsVisible = 0;
			defaultConfigurationName = Release;
		};
		0968CDBD2522667B00D409FF /* Build configuration list for PBXNativeTarget "EstonianWeatherUITests" */ = {
			isa = XCConfigurationList;
			buildConfigurations = (
				0968CDBE2522667B00D409FF /* Debug */,
				0968CDBF2522667B00D409FF /* Release */,
			);
			defaultConfigurationIsVisible = 0;
			defaultConfigurationName = Release;
		};
		097698C5252A708C00FA1764 /* Build configuration list for PBXNativeTarget "EstonianWeatherWidgetExtension" */ = {
			isa = XCConfigurationList;
			buildConfigurations = (
				097698C3252A708C00FA1764 /* Debug */,
				097698C4252A708C00FA1764 /* Release */,
			);
			defaultConfigurationIsVisible = 0;
			defaultConfigurationName = Release;
		};
/* End XCConfigurationList section */

/* Begin XCRemoteSwiftPackageReference section */
		B190250F25972FB400ACD2E1 /* XCRemoteSwiftPackageReference "R.swift" */ = {
			isa = XCRemoteSwiftPackageReference;
			repositoryURL = "https://github.com/mac-cain13/R.swift.Library";
			requirement = {
				kind = upToNextMajorVersion;
				minimumVersion = 5.3.0;
			};
		};
		B19E6BA1260FA6FC0079D974 /* XCRemoteSwiftPackageReference "WeatherKit" */ = {
			isa = XCRemoteSwiftPackageReference;
			repositoryURL = "https://github.com/Shiaulis/WeatherKit";
			requirement = {
				branch = main;
				kind = branch;
			};
		};
		B1B4741025EA93DC0049D953 /* XCRemoteSwiftPackageReference "Logger" */ = {
			isa = XCRemoteSwiftPackageReference;
			repositoryURL = "https://github.com/Shiaulis/Logger";
			requirement = {
				branch = main;
				kind = branch;
			};
		};
		B1D2279D25EA90660086B689 /* XCRemoteSwiftPackageReference "PurchaseKit" */ = {
			isa = XCRemoteSwiftPackageReference;
			repositoryURL = "https://github.com/Shiaulis/PurchaseKit";
			requirement = {
				branch = main;
				kind = branch;
			};
		};
/* End XCRemoteSwiftPackageReference section */

/* Begin XCSwiftPackageProductDependency section */
		B18439DC25EA9645009E5D6C /* Logger */ = {
			isa = XCSwiftPackageProductDependency;
			package = B1B4741025EA93DC0049D953 /* XCRemoteSwiftPackageReference "Logger" */;
			productName = Logger;
		};
		B190251025972FB400ACD2E1 /* Rswift */ = {
			isa = XCSwiftPackageProductDependency;
			package = B190250F25972FB400ACD2E1 /* XCRemoteSwiftPackageReference "R.swift" */;
			productName = Rswift;
		};
		B190255525973FAE00ACD2E1 /* Rswift */ = {
			isa = XCSwiftPackageProductDependency;
			package = B190250F25972FB400ACD2E1 /* XCRemoteSwiftPackageReference "R.swift" */;
			productName = Rswift;
		};
		B19E6BA2260FA6FC0079D974 /* WeatherKit */ = {
			isa = XCSwiftPackageProductDependency;
			package = B19E6BA1260FA6FC0079D974 /* XCRemoteSwiftPackageReference "WeatherKit" */;
			productName = WeatherKit;
		};
		B1B4741125EA93DC0049D953 /* Logger */ = {
			isa = XCSwiftPackageProductDependency;
			package = B1B4741025EA93DC0049D953 /* XCRemoteSwiftPackageReference "Logger" */;
			productName = Logger;
		};
		B1D2279E25EA90660086B689 /* PurchaseKit */ = {
			isa = XCSwiftPackageProductDependency;
			package = B1D2279D25EA90660086B689 /* XCRemoteSwiftPackageReference "PurchaseKit" */;
			productName = PurchaseKit;
		};
/* End XCSwiftPackageProductDependency section */

/* Begin XCVersionGroup section */
		0968CDFA252269AF00D409FF /* EstonianWeather.xcdatamodeld */ = {
			isa = XCVersionGroup;
			children = (
				0968CDFB252269AF00D409FF /* EstonianWeather.xcdatamodel */,
			);
			currentVersion = 0968CDFB252269AF00D409FF /* EstonianWeather.xcdatamodel */;
			path = EstonianWeather.xcdatamodeld;
			sourceTree = "<group>";
			versionGroupType = wrapper.xcdatamodel;
		};
/* End XCVersionGroup section */
	};
	rootObject = 0968CD8A2522667A00D409FF /* Project object */;
}
