{
  "object": {
    "pins": [
      {
        "package": "Logger",
        "repositoryURL": "https://github.com/Shiaulis/Logger",
        "state": {
          "branch": "main",
          "revision": "7568844eeadce273f4540b0cd30ad4ea27354908",
          "version": null
        }
      },
      {
        "package": "PurchaseKit",
        "repositoryURL": "https://github.com/Shiaulis/PurchaseKit",
        "state": {
          "branch": "main",
          "revision": "422e9ed745e8d6e307572a1f2e3ec8e700582789",
          "version": null
        }
      },
      {
        "package": "R.swift.Library",
        "repositoryURL": "https://github.com/mac-cain13/R.swift.Library",
        "state": {
          "branch": null,
          "revision": "8998cfe77f4fce79ee6dfab0c88a7d551659d8fb",
          "version": "5.4.0"
        }
      },
      {
        "package": "SWXMLHash",
        "repositoryURL": "https://github.com/drmohundro/SWXMLHash",
        "state": {
          "branch": null,
          "revision": "9183170d20857753d4f331b0ca63f73c60764bf3",
          "version": "5.0.2"
        }
      },
      {
        "package": "WeatherKit",
        "repositoryURL": "https://github.com/Shiaulis/WeatherKit",
        "state": {
          "branch": "main",
          "revision": "6f0f15231e9f56ff7115e7cd871e1259a3e87fc6",
          "version": null
        }
      }
    ]
  },
  "version": 1
}
