{
  "object": {
    "pins": [
      {
        "package": "Logger",
        "repositoryURL": "https://github.com/Shiaulis/Logger",
        "state": {
          "branch": "main",
          "revision": "9b26d78aab7d6778ad626f47ae10b559fec8cbbb",
          "version": null
        }
      },
      {
        "package": "PurchaseKit",
        "repositoryURL": "https://github.com/Shiaulis/PurchaseKit",
        "state": {
          "branch": "main",
          "revision": "3d9fb1bc294b3d4d6d9d37161b5dccaf71ceaa97",
          "version": null
        }
      },
      {
        "package": "R.swift.Library",
        "repositoryURL": "https://github.com/mac-cain13/R.swift.Library",
        "state": {
          "branch": null,
          "revision": "5025163d8f60d3c56124c309db0246ba421aa8c6",
          "version": "5.3.0"
        }
      }
    ]
  },
  "version": 1
}
